{
  "object": {
    "pins": [
      {
        "package": "TaskRunner",
        "repositoryURL": "https://github.com/crunchybananas/TaskRunner.git",
        "state": {
          "branch": "main",
          "revision": "b3766b11ca4031b3cd90b9f82d274a21de47ecec",
          "version": null
        }
      }
    ]
  },
  "version": 1
}
