// !$*UTF8*$!
{
	archiveVersion = 1;
	classes = {
	};
	objectVersion = 70;
	objects = {

/* Begin PBXBuildFile section */
		040AAB7E26CB385800DE1CBF /* Git in Frameworks */ = {isa = PBXBuildFile; productRef = 040AAB7D26CB385800DE1CBF /* Git */; };
		04510A582A2D200C001DEF5B /* Github in Frameworks */ = {isa = PBXBuildFile; productRef = 04510A572A2D200C001DEF5B /* Github */; };
		046C6AB02F1BE07D006CDAC7 /* TaskRunner in Frameworks */ = {isa = PBXBuildFile; productRef = 046C6AAF2F1BE07D006CDAC7 /* TaskRunner */; };
		046D40E426C56BBB003715AF /* OAuthSwift in Frameworks */ = {isa = PBXBuildFile; productRef = 046D40E326C56BBB003715AF /* OAuthSwift */; };
		046D40E726C56C5B003715AF /* Github in Frameworks */ = {isa = PBXBuildFile; productRef = 046D40E626C56C5B003715AF /* Github */; };
		048086662A2D21E500536A3E /* Brew in Frameworks */ = {isa = PBXBuildFile; productRef = 048086652A2D21E500536A3E /* Brew */; };
		048F40F82853ED470007A9A4 /* ContentView.swift in Sources */ = {isa = PBXBuildFile; fileRef = 048F40F72853ED060007A9A4 /* ContentView.swift */; };
		04A7BD7F258E77D8000E55A8 /* Tests_iOS.swift in Sources */ = {isa = PBXBuildFile; fileRef = 04A7BD7E258E77D8000E55A8 /* Tests_iOS.swift */; };
		04A7BD8A258E77D8000E55A8 /* Tests_macOS.swift in Sources */ = {isa = PBXBuildFile; fileRef = 04A7BD89258E77D8000E55A8 /* Tests_macOS.swift */; };
		04A7BD8F258E77D8000E55A8 /* ContentView.swift in Sources */ = {isa = PBXBuildFile; fileRef = 04A7BD64258E77D7000E55A8 /* ContentView.swift */; };
		04D09EFD26A85E8100072702 /* OAuthSwift in Frameworks */ = {isa = PBXBuildFile; productRef = 04D09EFC26A85E8100072702 /* OAuthSwift */; };
/* End PBXBuildFile section */

/* Begin PBXContainerItemProxy section */
		04A7BD7B258E77D8000E55A8 /* PBXContainerItemProxy */ = {
			isa = PBXContainerItemProxy;
			containerPortal = 04A7BD5E258E77D7000E55A8 /* Project object */;
			proxyType = 1;
			remoteGlobalIDString = 04A7BD69258E77D8000E55A8;
			remoteInfo = "KitchenSink (iOS)";
		};
		04A7BD86258E77D8000E55A8 /* PBXContainerItemProxy */ = {
			isa = PBXContainerItemProxy;
			containerPortal = 04A7BD5E258E77D7000E55A8 /* Project object */;
			proxyType = 1;
			remoteGlobalIDString = 04A7BD71258E77D8000E55A8;
			remoteInfo = "KitchenSink (macOS)";
		};
/* End PBXContainerItemProxy section */

/* Begin PBXFileReference section */
		043A532125998D1E00980BE2 /* README.md */ = {isa = PBXFileReference; lastKnownFileType = net.daringfireball.markdown; path = README.md; sourceTree = "<group>"; };
		04510A5E2A2D20F1001DEF5B /* Git */ = {isa = PBXFileReference; lastKnownFileType = wrapper; name = Git; path = "Local Packages/Git"; sourceTree = "<group>"; };
		048086642A2D21A300536A3E /* Brew */ = {isa = PBXFileReference; lastKnownFileType = wrapper; name = Brew; path = "Local Packages/Brew"; sourceTree = "<group>"; };
		048F40F72853ED060007A9A4 /* ContentView.swift */ = {isa = PBXFileReference; lastKnownFileType = sourcecode.swift; path = ContentView.swift; sourceTree = "<group>"; };
		04A7BD64258E77D7000E55A8 /* ContentView.swift */ = {isa = PBXFileReference; lastKnownFileType = sourcecode.swift; path = ContentView.swift; sourceTree = "<group>"; };
		04A7BD6A258E77D8000E55A8 /* Peel.app */ = {isa = PBXFileReference; explicitFileType = wrapper.application; includeInIndex = 0; path = Peel.app; sourceTree = BUILT_PRODUCTS_DIR; };
		04A7BD6D258E77D8000E55A8 /* Info.plist */ = {isa = PBXFileReference; lastKnownFileType = text.plist.xml; path = Info.plist; sourceTree = "<group>"; };
		04A7BD72258E77D8000E55A8 /* Peel.app */ = {isa = PBXFileReference; explicitFileType = wrapper.application; includeInIndex = 0; path = Peel.app; sourceTree = BUILT_PRODUCTS_DIR; };
		04A7BD74258E77D8000E55A8 /* Info.plist */ = {isa = PBXFileReference; lastKnownFileType = text.plist.xml; path = Info.plist; sourceTree = "<group>"; };
		04A7BD75258E77D8000E55A8 /* macOS.entitlements */ = {isa = PBXFileReference; lastKnownFileType = text.plist.entitlements; path = macOS.entitlements; sourceTree = "<group>"; };
		04A7BD7A258E77D8000E55A8 /* Tests iOS.xctest */ = {isa = PBXFileReference; explicitFileType = wrapper.cfbundle; includeInIndex = 0; path = "Tests iOS.xctest"; sourceTree = BUILT_PRODUCTS_DIR; };
		04A7BD7E258E77D8000E55A8 /* Tests_iOS.swift */ = {isa = PBXFileReference; lastKnownFileType = sourcecode.swift; path = Tests_iOS.swift; sourceTree = "<group>"; };
		04A7BD80258E77D8000E55A8 /* Info.plist */ = {isa = PBXFileReference; lastKnownFileType = text.plist.xml; path = Info.plist; sourceTree = "<group>"; };
		04A7BD85258E77D8000E55A8 /* Tests macOS.xctest */ = {isa = PBXFileReference; explicitFileType = wrapper.cfbundle; includeInIndex = 0; path = "Tests macOS.xctest"; sourceTree = BUILT_PRODUCTS_DIR; };
		04A7BD89258E77D8000E55A8 /* Tests_macOS.swift */ = {isa = PBXFileReference; lastKnownFileType = sourcecode.swift; path = Tests_macOS.swift; sourceTree = "<group>"; };
		04A7BD8B258E77D8000E55A8 /* Info.plist */ = {isa = PBXFileReference; lastKnownFileType = text.plist.xml; path = Info.plist; sourceTree = "<group>"; };
		04F4F9772596AAD7005B30B4 /* Peel.entitlements */ = {isa = PBXFileReference; lastKnownFileType = text.plist.entitlements; path = Peel.entitlements; sourceTree = "<group>"; };
		04F582A6269FD388003A8403 /* Github */ = {isa = PBXFileReference; lastKnownFileType = wrapper; name = Github; path = "Local Packages/Github"; sourceTree = "<group>"; };
/* End PBXFileReference section */

/* Begin PBXFileSystemSynchronizedBuildFileExceptionSet section */
		04913BD12F0F4ED7001EF810 /* PBXFileSystemSynchronizedBuildFileExceptionSet */ = {
			isa = PBXFileSystemSynchronizedBuildFileExceptionSet;
			membershipExceptions = (
				AgentOrchestration/VMIsolationService.swift,
				Applications/Github_RootView.swift,
				Applications/Workspaces_RootView.swift,
				Assets.xcassets,
				Components/ViewState.swift,
				"Extensions/Date+ISO8601.swift",
				Services/VSCodeService.swift,
				Services/WorkspaceDashboardService.swift,
			);
			target = 04A7BD69258E77D8000E55A8 /* Peel (iOS) */;
		};
/* End PBXFileSystemSynchronizedBuildFileExceptionSet section */

/* Begin PBXFileSystemSynchronizedRootGroup section */
		042793A42F0DEAE7002A5499 /* Plans */ = {isa = PBXFileSystemSynchronizedRootGroup; explicitFileTypes = {}; explicitFolders = (); path = Plans; sourceTree = "<group>"; };
		04913BB52F0F4ED7001EF810 /* Shared */ = {isa = PBXFileSystemSynchronizedRootGroup; exceptions = (04913BD12F0F4ED7001EF810 /* PBXFileSystemSynchronizedBuildFileExceptionSet */, ); explicitFileTypes = {}; explicitFolders = (); path = Shared; sourceTree = "<group>"; };
/* End PBXFileSystemSynchronizedRootGroup section */

/* Begin PBXFrameworksBuildPhase section */
		04A7BD67258E77D8000E55A8 /* Frameworks */ = {
			isa = PBXFrameworksBuildPhase;
			buildActionMask = 2147483647;
			files = (
				046D40E426C56BBB003715AF /* OAuthSwift in Frameworks */,
				046D40E726C56C5B003715AF /* Github in Frameworks */,
				040AAB7E26CB385800DE1CBF /* Git in Frameworks */,
			);
			runOnlyForDeploymentPostprocessing = 0;
		};
		04A7BD6F258E77D8000E55A8 /* Frameworks */ = {
			isa = PBXFrameworksBuildPhase;
			buildActionMask = 2147483647;
			files = (
				048086662A2D21E500536A3E /* Brew in Frameworks */,
				04510A582A2D200C001DEF5B /* Github in Frameworks */,
				046C6AB02F1BE07D006CDAC7 /* TaskRunner in Frameworks */,
				04D09EFD26A85E8100072702 /* OAuthSwift in Frameworks */,
			);
			runOnlyForDeploymentPostprocessing = 0;
		};
		04A7BD77258E77D8000E55A8 /* Frameworks */ = {
			isa = PBXFrameworksBuildPhase;
			buildActionMask = 2147483647;
			files = (
			);
			runOnlyForDeploymentPostprocessing = 0;
		};
		04A7BD82258E77D8000E55A8 /* Frameworks */ = {
			isa = PBXFrameworksBuildPhase;
			buildActionMask = 2147483647;
			files = (
			);
			runOnlyForDeploymentPostprocessing = 0;
		};
/* End PBXFrameworksBuildPhase section */

/* Begin PBXGroup section */
		042D2CC32891E44100E162D3 /* Packages */ = {
			isa = PBXGroup;
			children = (
				04F582A6269FD388003A8403 /* Github */,
				04510A5E2A2D20F1001DEF5B /* Git */,
				048086642A2D21A300536A3E /* Brew */,
			);
			name = Packages;
			sourceTree = "<group>";
		};
		0467868025A0DBE400D5E87F /* Frameworks */ = {
			isa = PBXGroup;
			children = (
			);
			name = Frameworks;
			sourceTree = "<group>";
		};
		04A7BD5D258E77D7000E55A8 = {
			isa = PBXGroup;
			children = (
				042793A42F0DEAE7002A5499 /* Plans */,
				042D2CC32891E44100E162D3 /* Packages */,
				043A532125998D1E00980BE2 /* README.md */,
				04913BB52F0F4ED7001EF810 /* Shared */,
				04F4F9772596AAD7005B30B4 /* Peel.entitlements */,
				04A7BD6C258E77D8000E55A8 /* iOS */,
				04A7BD73258E77D8000E55A8 /* macOS */,
				04A7BD7D258E77D8000E55A8 /* Tests iOS */,
				04A7BD88258E77D8000E55A8 /* Tests macOS */,
				04A7BD6B258E77D8000E55A8 /* Products */,
				0467868025A0DBE400D5E87F /* Frameworks */,
			);
			sourceTree = "<group>";
		};
		04A7BD6B258E77D8000E55A8 /* Products */ = {
			isa = PBXGroup;
			children = (
				04A7BD6A258E77D8000E55A8 /* Peel.app */,
				04A7BD72258E77D8000E55A8 /* Peel.app */,
				04A7BD7A258E77D8000E55A8 /* Tests iOS.xctest */,
				04A7BD85258E77D8000E55A8 /* Tests macOS.xctest */,
			);
			name = Products;
			sourceTree = "<group>";
		};
		04A7BD6C258E77D8000E55A8 /* iOS */ = {
			isa = PBXGroup;
			children = (
				04A7BD6D258E77D8000E55A8 /* Info.plist */,
				048F40F72853ED060007A9A4 /* ContentView.swift */,
			);
			path = iOS;
			sourceTree = "<group>";
		};
		04A7BD73258E77D8000E55A8 /* macOS */ = {
			isa = PBXGroup;
			children = (
				04A7BD64258E77D7000E55A8 /* ContentView.swift */,
				04A7BD74258E77D8000E55A8 /* Info.plist */,
				04A7BD75258E77D8000E55A8 /* macOS.entitlements */,
			);
			path = macOS;
			sourceTree = "<group>";
		};
		04A7BD7D258E77D8000E55A8 /* Tests iOS */ = {
			isa = PBXGroup;
			children = (
				04A7BD7E258E77D8000E55A8 /* Tests_iOS.swift */,
				04A7BD80258E77D8000E55A8 /* Info.plist */,
			);
			path = "Tests iOS";
			sourceTree = "<group>";
		};
		04A7BD88258E77D8000E55A8 /* Tests macOS */ = {
			isa = PBXGroup;
			children = (
				04A7BD89258E77D8000E55A8 /* Tests_macOS.swift */,
				04A7BD8B258E77D8000E55A8 /* Info.plist */,
			);
			path = "Tests macOS";
			sourceTree = "<group>";
		};
/* End PBXGroup section */

/* Begin PBXNativeTarget section */
		04A7BD69258E77D8000E55A8 /* Peel (iOS) */ = {
			isa = PBXNativeTarget;
			buildConfigurationList = 04A7BD94258E77D8000E55A8 /* Build configuration list for PBXNativeTarget "Peel (iOS)" */;
			buildPhases = (
				04A7BD66258E77D8000E55A8 /* Sources */,
				04A7BD67258E77D8000E55A8 /* Frameworks */,
				04A7BD68258E77D8000E55A8 /* Resources */,
			);
			buildRules = (
			);
			dependencies = (
			);
			name = "Peel (iOS)";
			packageProductDependencies = (
				046D40E326C56BBB003715AF /* OAuthSwift */,
				046D40E626C56C5B003715AF /* Github */,
				040AAB7D26CB385800DE1CBF /* Git */,
			);
			productName = "Peel (iOS)";
			productReference = 04A7BD6A258E77D8000E55A8 /* Peel.app */;
			productType = "com.apple.product-type.application";
		};
		04A7BD71258E77D8000E55A8 /* Peel (macOS) */ = {
			isa = PBXNativeTarget;
			buildConfigurationList = 04A7BD97258E77D8000E55A8 /* Build configuration list for PBXNativeTarget "Peel (macOS)" */;
			buildPhases = (
				04A7BD6E258E77D8000E55A8 /* Sources */,
				04A7BD6F258E77D8000E55A8 /* Frameworks */,
				04A7BD70258E77D8000E55A8 /* Resources */,
			);
			buildRules = (
			);
			dependencies = (
			);
			fileSystemSynchronizedGroups = (
				04913BB52F0F4ED7001EF810 /* Shared */,
			);
			name = "Peel (macOS)";
			packageProductDependencies = (
				04D09EFC26A85E8100072702 /* OAuthSwift */,
				04510A572A2D200C001DEF5B /* Github */,
				048086652A2D21E500536A3E /* Brew */,
				046C6AAF2F1BE07D006CDAC7 /* TaskRunner */,
			);
			productName = "Peel (macOS)";
			productReference = 04A7BD72258E77D8000E55A8 /* Peel.app */;
			productType = "com.apple.product-type.application";
		};
		04A7BD79258E77D8000E55A8 /* Tests iOS */ = {
			isa = PBXNativeTarget;
			buildConfigurationList = 04A7BD9A258E77D8000E55A8 /* Build configuration list for PBXNativeTarget "Tests iOS" */;
			buildPhases = (
				04A7BD76258E77D8000E55A8 /* Sources */,
				04A7BD77258E77D8000E55A8 /* Frameworks */,
				04A7BD78258E77D8000E55A8 /* Resources */,
			);
			buildRules = (
			);
			dependencies = (
				04A7BD7C258E77D8000E55A8 /* PBXTargetDependency */,
			);
			name = "Tests iOS";
			productName = "Tests iOS";
			productReference = 04A7BD7A258E77D8000E55A8 /* Tests iOS.xctest */;
			productType = "com.apple.product-type.bundle.ui-testing";
		};
		04A7BD84258E77D8000E55A8 /* Tests macOS */ = {
			isa = PBXNativeTarget;
			buildConfigurationList = 04A7BD9D258E77D8000E55A8 /* Build configuration list for PBXNativeTarget "Tests macOS" */;
			buildPhases = (
				04A7BD81258E77D8000E55A8 /* Sources */,
				04A7BD82258E77D8000E55A8 /* Frameworks */,
				04A7BD83258E77D8000E55A8 /* Resources */,
			);
			buildRules = (
			);
			dependencies = (
				04A7BD87258E77D8000E55A8 /* PBXTargetDependency */,
			);
			name = "Tests macOS";
			productName = "Tests macOS";
			productReference = 04A7BD85258E77D8000E55A8 /* Tests macOS.xctest */;
			productType = "com.apple.product-type.bundle.ui-testing";
		};
/* End PBXNativeTarget section */

/* Begin PBXProject section */
		04A7BD5E258E77D7000E55A8 /* Project object */ = {
			isa = PBXProject;
			attributes = {
				LastSwiftUpdateCheck = 1230;
				LastUpgradeCheck = 1400;
				TargetAttributes = {
					04A7BD69258E77D8000E55A8 = {
						CreatedOnToolsVersion = 12.3;
					};
					04A7BD71258E77D8000E55A8 = {
						CreatedOnToolsVersion = 12.3;
					};
					04A7BD79258E77D8000E55A8 = {
						CreatedOnToolsVersion = 12.3;
						TestTargetID = 04A7BD69258E77D8000E55A8;
					};
					04A7BD84258E77D8000E55A8 = {
						CreatedOnToolsVersion = 12.3;
						TestTargetID = 04A7BD71258E77D8000E55A8;
					};
				};
			};
			buildConfigurationList = 04A7BD61258E77D7000E55A8 /* Build configuration list for PBXProject "Peel" */;
			compatibilityVersion = "Xcode 14.0";
			developmentRegion = en;
			hasScannedForEncodings = 0;
			knownRegions = (
				en,
				Base,
			);
			mainGroup = 04A7BD5D258E77D7000E55A8;
			packageReferences = (
				04DD2F49269E6AED000994E1 /* XCRemoteSwiftPackageReference "OAuthSwift" */,
				046C6AAE2F1BE07D006CDAC7 /* XCRemoteSwiftPackageReference "TaskRunner" */,
			);
			productRefGroup = 04A7BD6B258E77D8000E55A8 /* Products */;
			projectDirPath = "";
			projectRoot = "";
			targets = (
				04A7BD71258E77D8000E55A8 /* Peel (macOS) */,
				04A7BD69258E77D8000E55A8 /* Peel (iOS) */,
				04A7BD79258E77D8000E55A8 /* Tests iOS */,
				04A7BD84258E77D8000E55A8 /* Tests macOS */,
			);
		};
/* End PBXProject section */

/* Begin PBXResourcesBuildPhase section */
		04A7BD68258E77D8000E55A8 /* Resources */ = {
			isa = PBXResourcesBuildPhase;
			buildActionMask = 2147483647;
			files = (
			);
			runOnlyForDeploymentPostprocessing = 0;
		};
		04A7BD70258E77D8000E55A8 /* Resources */ = {
			isa = PBXResourcesBuildPhase;
			buildActionMask = 2147483647;
			files = (
			);
			runOnlyForDeploymentPostprocessing = 0;
		};
		04A7BD78258E77D8000E55A8 /* Resources */ = {
			isa = PBXResourcesBuildPhase;
			buildActionMask = 2147483647;
			files = (
			);
			runOnlyForDeploymentPostprocessing = 0;
		};
		04A7BD83258E77D8000E55A8 /* Resources */ = {
			isa = PBXResourcesBuildPhase;
			buildActionMask = 2147483647;
			files = (
			);
			runOnlyForDeploymentPostprocessing = 0;
		};
/* End PBXResourcesBuildPhase section */

/* Begin PBXSourcesBuildPhase section */
		04A7BD66258E77D8000E55A8 /* Sources */ = {
			isa = PBXSourcesBuildPhase;
			buildActionMask = 2147483647;
			files = (
				048F40F82853ED470007A9A4 /* ContentView.swift in Sources */,
			);
			runOnlyForDeploymentPostprocessing = 0;
		};
		04A7BD6E258E77D8000E55A8 /* Sources */ = {
			isa = PBXSourcesBuildPhase;
			buildActionMask = 2147483647;
			files = (
				04A7BD8F258E77D8000E55A8 /* ContentView.swift in Sources */,
			);
			runOnlyForDeploymentPostprocessing = 0;
		};
		04A7BD76258E77D8000E55A8 /* Sources */ = {
			isa = PBXSourcesBuildPhase;
			buildActionMask = 2147483647;
			files = (
				04A7BD7F258E77D8000E55A8 /* Tests_iOS.swift in Sources */,
			);
			runOnlyForDeploymentPostprocessing = 0;
		};
		04A7BD81258E77D8000E55A8 /* Sources */ = {
			isa = PBXSourcesBuildPhase;
			buildActionMask = 2147483647;
			files = (
				04A7BD8A258E77D8000E55A8 /* Tests_macOS.swift in Sources */,
			);
			runOnlyForDeploymentPostprocessing = 0;
		};
/* End PBXSourcesBuildPhase section */

/* Begin PBXTargetDependency section */
		04A7BD7C258E77D8000E55A8 /* PBXTargetDependency */ = {
			isa = PBXTargetDependency;
			target = 04A7BD69258E77D8000E55A8 /* Peel (iOS) */;
			targetProxy = 04A7BD7B258E77D8000E55A8 /* PBXContainerItemProxy */;
		};
		04A7BD87258E77D8000E55A8 /* PBXTargetDependency */ = {
			isa = PBXTargetDependency;
			target = 04A7BD71258E77D8000E55A8 /* Peel (macOS) */;
			targetProxy = 04A7BD86258E77D8000E55A8 /* PBXContainerItemProxy */;
		};
/* End PBXTargetDependency section */

/* Begin XCBuildConfiguration section */
		04A7BD92258E77D8000E55A8 /* Debug */ = {
			isa = XCBuildConfiguration;
			buildSettings = {
				ALWAYS_SEARCH_USER_PATHS = NO;
				CLANG_ANALYZER_NONNULL = YES;
				CLANG_ANALYZER_NUMBER_OBJECT_CONVERSION = YES_AGGRESSIVE;
				CLANG_CXX_LANGUAGE_STANDARD = "gnu++14";
				CLANG_CXX_LIBRARY = "libc++";
				CLANG_ENABLE_MODULES = YES;
				CLANG_ENABLE_OBJC_ARC = YES;
				CLANG_ENABLE_OBJC_WEAK = YES;
				CLANG_WARN_BLOCK_CAPTURE_AUTORELEASING = YES;
				CLANG_WARN_BOOL_CONVERSION = YES;
				CLANG_WARN_COMMA = YES;
				CLANG_WARN_CONSTANT_CONVERSION = YES;
				CLANG_WARN_DEPRECATED_OBJC_IMPLEMENTATIONS = YES;
				CLANG_WARN_DIRECT_OBJC_ISA_USAGE = YES_ERROR;
				CLANG_WARN_DOCUMENTATION_COMMENTS = YES;
				CLANG_WARN_EMPTY_BODY = YES;
				CLANG_WARN_ENUM_CONVERSION = YES;
				CLANG_WARN_INFINITE_RECURSION = YES;
				CLANG_WARN_INT_CONVERSION = YES;
				CLANG_WARN_NON_LITERAL_NULL_CONVERSION = YES;
				CLANG_WARN_OBJC_IMPLICIT_RETAIN_SELF = YES;
				CLANG_WARN_OBJC_LITERAL_CONVERSION = YES;
				CLANG_WARN_OBJC_ROOT_CLASS = YES_ERROR;
				CLANG_WARN_QUOTED_INCLUDE_IN_FRAMEWORK_HEADER = YES;
				CLANG_WARN_RANGE_LOOP_ANALYSIS = YES;
				CLANG_WARN_STRICT_PROTOTYPES = YES;
				CLANG_WARN_SUSPICIOUS_MOVE = YES;
				CLANG_WARN_UNGUARDED_AVAILABILITY = YES_AGGRESSIVE;
				CLANG_WARN_UNREACHABLE_CODE = YES;
				CLANG_WARN__DUPLICATE_METHOD_MATCH = YES;
				COPY_PHASE_STRIP = NO;
				DEAD_CODE_STRIPPING = YES;
				DEBUG_INFORMATION_FORMAT = dwarf;
				ENABLE_STRICT_OBJC_MSGSEND = YES;
				ENABLE_TESTABILITY = YES;
				GCC_C_LANGUAGE_STANDARD = gnu11;
				GCC_DYNAMIC_NO_PIC = NO;
				GCC_NO_COMMON_BLOCKS = YES;
				GCC_OPTIMIZATION_LEVEL = 0;
				GCC_PREPROCESSOR_DEFINITIONS = (
					"DEBUG=1",
					"$(inherited)",
				);
				GCC_WARN_64_TO_32_BIT_CONVERSION = YES;
				GCC_WARN_ABOUT_RETURN_TYPE = YES_ERROR;
				GCC_WARN_UNDECLARED_SELECTOR = YES;
				GCC_WARN_UNINITIALIZED_AUTOS = YES_AGGRESSIVE;
				GCC_WARN_UNUSED_FUNCTION = YES;
				GCC_WARN_UNUSED_VARIABLE = YES;
				MTL_ENABLE_DEBUG_INFO = INCLUDE_SOURCE;
				MTL_FAST_MATH = YES;
				ONLY_ACTIVE_ARCH = YES;
				SWIFT_ACTIVE_COMPILATION_CONDITIONS = DEBUG;
				SWIFT_OPTIMIZATION_LEVEL = "-Onone";
			};
			name = Debug;
		};
		04A7BD93258E77D8000E55A8 /* Release */ = {
			isa = XCBuildConfiguration;
			buildSettings = {
				ALWAYS_SEARCH_USER_PATHS = NO;
				CLANG_ANALYZER_NONNULL = YES;
				CLANG_ANALYZER_NUMBER_OBJECT_CONVERSION = YES_AGGRESSIVE;
				CLANG_CXX_LANGUAGE_STANDARD = "gnu++14";
				CLANG_CXX_LIBRARY = "libc++";
				CLANG_ENABLE_MODULES = YES;
				CLANG_ENABLE_OBJC_ARC = YES;
				CLANG_ENABLE_OBJC_WEAK = YES;
				CLANG_WARN_BLOCK_CAPTURE_AUTORELEASING = YES;
				CLANG_WARN_BOOL_CONVERSION = YES;
				CLANG_WARN_COMMA = YES;
				CLANG_WARN_CONSTANT_CONVERSION = YES;
				CLANG_WARN_DEPRECATED_OBJC_IMPLEMENTATIONS = YES;
				CLANG_WARN_DIRECT_OBJC_ISA_USAGE = YES_ERROR;
				CLANG_WARN_DOCUMENTATION_COMMENTS = YES;
				CLANG_WARN_EMPTY_BODY = YES;
				CLANG_WARN_ENUM_CONVERSION = YES;
				CLANG_WARN_INFINITE_RECURSION = YES;
				CLANG_WARN_INT_CONVERSION = YES;
				CLANG_WARN_NON_LITERAL_NULL_CONVERSION = YES;
				CLANG_WARN_OBJC_IMPLICIT_RETAIN_SELF = YES;
				CLANG_WARN_OBJC_LITERAL_CONVERSION = YES;
				CLANG_WARN_OBJC_ROOT_CLASS = YES_ERROR;
				CLANG_WARN_QUOTED_INCLUDE_IN_FRAMEWORK_HEADER = YES;
				CLANG_WARN_RANGE_LOOP_ANALYSIS = YES;
				CLANG_WARN_STRICT_PROTOTYPES = YES;
				CLANG_WARN_SUSPICIOUS_MOVE = YES;
				CLANG_WARN_UNGUARDED_AVAILABILITY = YES_AGGRESSIVE;
				CLANG_WARN_UNREACHABLE_CODE = YES;
				CLANG_WARN__DUPLICATE_METHOD_MATCH = YES;
				COPY_PHASE_STRIP = NO;
				DEAD_CODE_STRIPPING = YES;
				DEBUG_INFORMATION_FORMAT = "dwarf-with-dsym";
				ENABLE_NS_ASSERTIONS = NO;
				ENABLE_STRICT_OBJC_MSGSEND = YES;
				GCC_C_LANGUAGE_STANDARD = gnu11;
				GCC_NO_COMMON_BLOCKS = YES;
				GCC_WARN_64_TO_32_BIT_CONVERSION = YES;
				GCC_WARN_ABOUT_RETURN_TYPE = YES_ERROR;
				GCC_WARN_UNDECLARED_SELECTOR = YES;
				GCC_WARN_UNINITIALIZED_AUTOS = YES_AGGRESSIVE;
				GCC_WARN_UNUSED_FUNCTION = YES;
				GCC_WARN_UNUSED_VARIABLE = YES;
				MTL_ENABLE_DEBUG_INFO = NO;
				MTL_FAST_MATH = YES;
				SWIFT_COMPILATION_MODE = wholemodule;
				SWIFT_OPTIMIZATION_LEVEL = "-O";
			};
			name = Release;
		};
		04A7BD95258E77D8000E55A8 /* Debug */ = {
			isa = XCBuildConfiguration;
			buildSettings = {
				ASSETCATALOG_COMPILER_APPICON_NAME = AppIcon;
				ASSETCATALOG_COMPILER_GLOBAL_ACCENT_COLOR_NAME = AccentColor;
				CODE_SIGN_ENTITLEMENTS = Peel.entitlements;
				CODE_SIGN_IDENTITY = "Apple Development";
				CODE_SIGN_STYLE = Automatic;
				CURRENT_PROJECT_VERSION = 4;
				DEVELOPMENT_TEAM = UNX9FJDDXV;
				ENABLE_PREVIEWS = YES;
				INFOPLIST_FILE = iOS/Info.plist;
				IPHONEOS_DEPLOYMENT_TARGET = 26.0;
				LD_RUNPATH_SEARCH_PATHS = (
					"$(inherited)",
					"@executable_path/Frameworks",
				);
				MACOSX_DEPLOYMENT_TARGET = 26.0;
				PRODUCT_BUNDLE_IDENTIFIER = "crunchy-bananas.Peel";
				PRODUCT_NAME = Peel;
				PROVISIONING_PROFILE_SPECIFIER = "";
				SDKROOT = iphoneos;
				SUPPORTS_MACCATALYST = NO;
				SUPPORTS_MAC_DESIGNED_FOR_IPHONE_IPAD = NO;
				SWIFT_STRICT_CONCURRENCY = complete;
				SWIFT_VERSION = 6.0;
				TARGETED_DEVICE_FAMILY = "1,2";
				TVOS_DEPLOYMENT_TARGET = 26.0;
			};
			name = Debug;
		};
		04A7BD96258E77D8000E55A8 /* Release */ = {
			isa = XCBuildConfiguration;
			buildSettings = {
				ASSETCATALOG_COMPILER_APPICON_NAME = AppIcon;
				ASSETCATALOG_COMPILER_GLOBAL_ACCENT_COLOR_NAME = AccentColor;
				CODE_SIGN_ENTITLEMENTS = Peel.entitlements;
				CODE_SIGN_IDENTITY = "Apple Development";
				CODE_SIGN_STYLE = Automatic;
				CURRENT_PROJECT_VERSION = 4;
				DEVELOPMENT_TEAM = UNX9FJDDXV;
				ENABLE_PREVIEWS = YES;
				INFOPLIST_FILE = iOS/Info.plist;
				IPHONEOS_DEPLOYMENT_TARGET = 26.0;
				LD_RUNPATH_SEARCH_PATHS = (
					"$(inherited)",
					"@executable_path/Frameworks",
				);
				MACOSX_DEPLOYMENT_TARGET = 26.0;
				PRODUCT_BUNDLE_IDENTIFIER = "crunchy-bananas.Peel";
				PRODUCT_NAME = Peel;
				PROVISIONING_PROFILE_SPECIFIER = "";
				SDKROOT = iphoneos;
				SUPPORTS_MACCATALYST = NO;
				SUPPORTS_MAC_DESIGNED_FOR_IPHONE_IPAD = NO;
				SWIFT_STRICT_CONCURRENCY = complete;
				SWIFT_VERSION = 6.0;
				TARGETED_DEVICE_FAMILY = "1,2";
				TVOS_DEPLOYMENT_TARGET = 26.0;
				VALIDATE_PRODUCT = YES;
			};
			name = Release;
		};
		04A7BD98258E77D8000E55A8 /* Debug */ = {
			isa = XCBuildConfiguration;
			buildSettings = {
				ARCHS = "$(ARCHS_STANDARD)";
				ASSETCATALOG_COMPILER_APPICON_NAME = "AppIcon-mac";
				ASSETCATALOG_COMPILER_GLOBAL_ACCENT_COLOR_NAME = AccentColor;
				CODE_SIGN_ENTITLEMENTS = macOS/macOS.entitlements;
				CODE_SIGN_IDENTITY = "Apple Development";
				CODE_SIGN_STYLE = Automatic;
				COMBINE_HIDPI_IMAGES = YES;
				CURRENT_PROJECT_VERSION = 12;
				DEAD_CODE_STRIPPING = YES;
				DEVELOPMENT_TEAM = UNX9FJDDXV;
				ENABLE_HARDENED_RUNTIME = YES;
				ENABLE_PREVIEWS = YES;
				EXCLUDED_ARCHS = x86_64;
				INFOPLIST_FILE = macOS/Info.plist;
				LD_RUNPATH_SEARCH_PATHS = (
					"$(inherited)",
					"@executable_path/../Frameworks",
				);
				MACOSX_DEPLOYMENT_TARGET = 26.0;
				PRODUCT_BUNDLE_IDENTIFIER = "crunchy-bananas.Peel";
				PRODUCT_NAME = Peel;
				PROVISIONING_PROFILE_SPECIFIER = "";
				SDKROOT = macosx;
				SWIFT_STRICT_CONCURRENCY = complete;
				SWIFT_VERSION = 6.0;
			};
			name = Debug;
		};
		04A7BD99258E77D8000E55A8 /* Release */ = {
			isa = XCBuildConfiguration;
			buildSettings = {
				ARCHS = "$(ARCHS_STANDARD)";
				ASSETCATALOG_COMPILER_APPICON_NAME = "AppIcon-mac";
				ASSETCATALOG_COMPILER_GLOBAL_ACCENT_COLOR_NAME = AccentColor;
				CODE_SIGN_ENTITLEMENTS = macOS/macOS.entitlements;
				CODE_SIGN_IDENTITY = "Apple Development";
				CODE_SIGN_STYLE = Automatic;
				COMBINE_HIDPI_IMAGES = YES;
				CURRENT_PROJECT_VERSION = 12;
				DEAD_CODE_STRIPPING = YES;
				DEVELOPMENT_TEAM = UNX9FJDDXV;
				ENABLE_HARDENED_RUNTIME = YES;
				ENABLE_PREVIEWS = YES;
				EXCLUDED_ARCHS = x86_64;
				INFOPLIST_FILE = macOS/Info.plist;
				LD_RUNPATH_SEARCH_PATHS = (
					"$(inherited)",
					"@executable_path/../Frameworks",
				);
				MACOSX_DEPLOYMENT_TARGET = 26.0;
				PRODUCT_BUNDLE_IDENTIFIER = "crunchy-bananas.Peel";
				PRODUCT_NAME = Peel;
				PROVISIONING_PROFILE_SPECIFIER = "";
				SDKROOT = macosx;
				SWIFT_STRICT_CONCURRENCY = complete;
				SWIFT_VERSION = 6.0;
			};
			name = Release;
		};
		04A7BD9B258E77D8000E55A8 /* Debug */ = {
			isa = XCBuildConfiguration;
			buildSettings = {
				ALWAYS_EMBED_SWIFT_STANDARD_LIBRARIES = YES;
				CODE_SIGN_STYLE = Automatic;
				DEVELOPMENT_TEAM = UNX9FJDDXV;
				INFOPLIST_FILE = "Tests iOS/Info.plist";
				IPHONEOS_DEPLOYMENT_TARGET = 14.3;
				LD_RUNPATH_SEARCH_PATHS = (
					"$(inherited)",
					"@executable_path/Frameworks",
					"@loader_path/Frameworks",
				);
				PRODUCT_BUNDLE_IDENTIFIER = "crunchy-bananas.Tests-iOS";
				PRODUCT_NAME = "$(TARGET_NAME)";
				SDKROOT = iphoneos;
				SWIFT_VERSION = 5.0;
				TARGETED_DEVICE_FAMILY = "1,2";
				TEST_TARGET_NAME = "KitchenSink (iOS)";
			};
			name = Debug;
		};
		04A7BD9C258E77D8000E55A8 /* Release */ = {
			isa = XCBuildConfiguration;
			buildSettings = {
				ALWAYS_EMBED_SWIFT_STANDARD_LIBRARIES = YES;
				CODE_SIGN_STYLE = Automatic;
				DEVELOPMENT_TEAM = UNX9FJDDXV;
				INFOPLIST_FILE = "Tests iOS/Info.plist";
				IPHONEOS_DEPLOYMENT_TARGET = 14.3;
				LD_RUNPATH_SEARCH_PATHS = (
					"$(inherited)",
					"@executable_path/Frameworks",
					"@loader_path/Frameworks",
				);
				PRODUCT_BUNDLE_IDENTIFIER = "crunchy-bananas.Tests-iOS";
				PRODUCT_NAME = "$(TARGET_NAME)";
				SDKROOT = iphoneos;
				SWIFT_VERSION = 5.0;
				TARGETED_DEVICE_FAMILY = "1,2";
				TEST_TARGET_NAME = "KitchenSink (iOS)";
				VALIDATE_PRODUCT = YES;
			};
			name = Release;
		};
		04A7BD9E258E77D8000E55A8 /* Debug */ = {
			isa = XCBuildConfiguration;
			buildSettings = {
				ALWAYS_EMBED_SWIFT_STANDARD_LIBRARIES = YES;
				CODE_SIGN_STYLE = Automatic;
				COMBINE_HIDPI_IMAGES = YES;
				DEAD_CODE_STRIPPING = YES;
				DEVELOPMENT_TEAM = UNX9FJDDXV;
				INFOPLIST_FILE = "Tests macOS/Info.plist";
				LD_RUNPATH_SEARCH_PATHS = (
					"$(inherited)",
					"@executable_path/../Frameworks",
					"@loader_path/../Frameworks",
				);
				MACOSX_DEPLOYMENT_TARGET = 11.1;
				PRODUCT_BUNDLE_IDENTIFIER = "crunchy-bananas.Tests-macOS";
				PRODUCT_NAME = "$(TARGET_NAME)";
				SDKROOT = macosx;
				SWIFT_VERSION = 5.0;
				TEST_TARGET_NAME = "KitchenSink (macOS)";
			};
			name = Debug;
		};
		04A7BD9F258E77D8000E55A8 /* Release */ = {
			isa = XCBuildConfiguration;
			buildSettings = {
				ALWAYS_EMBED_SWIFT_STANDARD_LIBRARIES = YES;
				CODE_SIGN_STYLE = Automatic;
				COMBINE_HIDPI_IMAGES = YES;
				DEAD_CODE_STRIPPING = YES;
				DEVELOPMENT_TEAM = UNX9FJDDXV;
				INFOPLIST_FILE = "Tests macOS/Info.plist";
				LD_RUNPATH_SEARCH_PATHS = (
					"$(inherited)",
					"@executable_path/../Frameworks",
					"@loader_path/../Frameworks",
				);
				MACOSX_DEPLOYMENT_TARGET = 11.1;
				PRODUCT_BUNDLE_IDENTIFIER = "crunchy-bananas.Tests-macOS";
				PRODUCT_NAME = "$(TARGET_NAME)";
				SDKROOT = macosx;
				SWIFT_VERSION = 5.0;
				TEST_TARGET_NAME = "KitchenSink (macOS)";
			};
			name = Release;
		};
/* End XCBuildConfiguration section */

/* Begin XCConfigurationList section */
		04A7BD61258E77D7000E55A8 /* Build configuration list for PBXProject "Peel" */ = {
			isa = XCConfigurationList;
			buildConfigurations = (
				04A7BD92258E77D8000E55A8 /* Debug */,
				04A7BD93258E77D8000E55A8 /* Release */,
			);
			defaultConfigurationIsVisible = 0;
			defaultConfigurationName = Release;
		};
		04A7BD94258E77D8000E55A8 /* Build configuration list for PBXNativeTarget "Peel (iOS)" */ = {
			isa = XCConfigurationList;
			buildConfigurations = (
				04A7BD95258E77D8000E55A8 /* Debug */,
				04A7BD96258E77D8000E55A8 /* Release */,
			);
			defaultConfigurationIsVisible = 0;
			defaultConfigurationName = Release;
		};
		04A7BD97258E77D8000E55A8 /* Build configuration list for PBXNativeTarget "Peel (macOS)" */ = {
			isa = XCConfigurationList;
			buildConfigurations = (
				04A7BD98258E77D8000E55A8 /* Debug */,
				04A7BD99258E77D8000E55A8 /* Release */,
			);
			defaultConfigurationIsVisible = 0;
			defaultConfigurationName = Release;
		};
		04A7BD9A258E77D8000E55A8 /* Build configuration list for PBXNativeTarget "Tests iOS" */ = {
			isa = XCConfigurationList;
			buildConfigurations = (
				04A7BD9B258E77D8000E55A8 /* Debug */,
				04A7BD9C258E77D8000E55A8 /* Release */,
			);
			defaultConfigurationIsVisible = 0;
			defaultConfigurationName = Release;
		};
		04A7BD9D258E77D8000E55A8 /* Build configuration list for PBXNativeTarget "Tests macOS" */ = {
			isa = XCConfigurationList;
			buildConfigurations = (
				04A7BD9E258E77D8000E55A8 /* Debug */,
				04A7BD9F258E77D8000E55A8 /* Release */,
			);
			defaultConfigurationIsVisible = 0;
			defaultConfigurationName = Release;
		};
/* End XCConfigurationList section */

/* Begin XCRemoteSwiftPackageReference section */
		046C6AAE2F1BE07D006CDAC7 /* XCRemoteSwiftPackageReference "TaskRunner" */ = {
			isa = XCRemoteSwiftPackageReference;
			repositoryURL = "https://github.com/crunchybananas/TaskRunner";
			requirement = {
				kind = upToNextMajorVersion;
				minimumVersion = 0.0.2;
			};
		};
		04DD2F49269E6AED000994E1 /* XCRemoteSwiftPackageReference "OAuthSwift" */ = {
			isa = XCRemoteSwiftPackageReference;
			repositoryURL = "https://github.com/OAuthSwift/OAuthSwift.git";
			requirement = {
				kind = upToNextMajorVersion;
				minimumVersion = 2.2.0;
			};
		};
/* End XCRemoteSwiftPackageReference section */

/* Begin XCSwiftPackageProductDependency section */
		040AAB7D26CB385800DE1CBF /* Git */ = {
			isa = XCSwiftPackageProductDependency;
			productName = Git;
		};
		04510A572A2D200C001DEF5B /* Github */ = {
			isa = XCSwiftPackageProductDependency;
			productName = Github;
		};
		046C6AAF2F1BE07D006CDAC7 /* TaskRunner */ = {
			isa = XCSwiftPackageProductDependency;
			package = 046C6AAE2F1BE07D006CDAC7 /* XCRemoteSwiftPackageReference "TaskRunner" */;
			productName = TaskRunner;
		};
		046D40E326C56BBB003715AF /* OAuthSwift */ = {
			isa = XCSwiftPackageProductDependency;
			package = 04DD2F49269E6AED000994E1 /* XCRemoteSwiftPackageReference "OAuthSwift" */;
			productName = OAuthSwift;
		};
		046D40E626C56C5B003715AF /* Github */ = {
			isa = XCSwiftPackageProductDependency;
			productName = Github;
		};
		048086652A2D21E500536A3E /* Brew */ = {
			isa = XCSwiftPackageProductDependency;
			productName = Brew;
		};
		04D09EFC26A85E8100072702 /* OAuthSwift */ = {
			isa = XCSwiftPackageProductDependency;
			package = 04DD2F49269E6AED000994E1 /* XCRemoteSwiftPackageReference "OAuthSwift" */;
			productName = OAuthSwift;
		};
/* End XCSwiftPackageProductDependency section */
	};
	rootObject = 04A7BD5E258E77D7000E55A8 /* Project object */;
}
