// !$*UTF8*$!
{
	archiveVersion = 1;
	classes = {
	};
	objectVersion = 70;
	objects = {

/* Begin PBXBuildFile section */
		03BPETOK2F2A000100000001 /* SwiftBPETokenizer in Frameworks */ = {isa = PBXBuildFile; productRef = 03BPETOK2F2A000100000002 /* SwiftBPETokenizer */; };
		03MLXEMB2F2B000100000001 /* MLXEmbedders in Frameworks */ = {isa = PBXBuildFile; productRef = 03MLXEMB2F2B000100000002 /* MLXEmbedders */; };
		040AAB7E26CB385800DE1CBF /* Git in Frameworks */ = {isa = PBXBuildFile; productRef = 040AAB7D26CB385800DE1CBF /* Git */; };
		04510A582A2D200C001DEF5B /* Github in Frameworks */ = {isa = PBXBuildFile; productRef = 04510A572A2D200C001DEF5B /* Github */; };
		046C6AB02F1BE07D006CDAC7 /* TaskRunner in Frameworks */ = {isa = PBXBuildFile; productRef = 046C6AAF2F1BE07D006CDAC7 /* TaskRunner */; };
		046D40E426C56BBB003715AF /* OAuthSwift in Frameworks */ = {isa = PBXBuildFile; productRef = 046D40E326C56BBB003715AF /* OAuthSwift */; };
		046D40E726C56C5B003715AF /* Github in Frameworks */ = {isa = PBXBuildFile; productRef = 046D40E626C56C5B003715AF /* Github */; };
		048086662A2D21E500536A3E /* Brew in Frameworks */ = {isa = PBXBuildFile; productRef = 048086652A2D21E500536A3E /* Brew */; };
		048F40F82853ED470007A9A4 /* ContentView.swift in Sources */ = {isa = PBXBuildFile; fileRef = 048F40F72853ED060007A9A4 /* ContentView.swift */; };
		04A7BD7F258E77D8000E55A8 /* Tests_iOS.swift in Sources */ = {isa = PBXBuildFile; fileRef = 04A7BD7E258E77D8000E55A8 /* Tests_iOS.swift */; };
		04A7BD8A258E77D8000E55A8 /* Tests_macOS.swift in Sources */ = {isa = PBXBuildFile; fileRef = 04A7BD89258E77D8000E55A8 /* Tests_macOS.swift */; };
		04A7BD8F258E77D8000E55A8 /* ContentView.swift in Sources */ = {isa = PBXBuildFile; fileRef = 04A7BD64258E77D7000E55A8 /* ContentView.swift */; };
		04ASTCHK2F2E000100000002 /* ASTChunker in Frameworks */ = {isa = PBXBuildFile; productRef = 04ASTCHK2F2E000100000003 /* ASTChunker */; };
		04ASTCLI2F3B000100000001 /* ast-chunker-cli in CopyFiles */ = {isa = PBXBuildFile; fileRef = 04ASTCLI2F3B000100000002 /* ast-chunker-cli */; settings = {ATTRIBUTES = (CodeSignOnCopy, ); }; };
		04D09EFD26A85E8100072702 /* OAuthSwift in Frameworks */ = {isa = PBXBuildFile; productRef = 04D09EFC26A85E8100072702 /* OAuthSwift */; };
		0A11B6D12F1234567890ABCD /* PeelApp_iOS.swift in Sources */ = {isa = PBXBuildFile; fileRef = 0A11B6D02F1234567890ABCD /* PeelApp_iOS.swift */; };
		0B1E3C9C2FABCDEF00112233 /* DataServiceTests.swift in Sources */ = {isa = PBXBuildFile; fileRef = 0B1E3C9B2FABCDEF00112233 /* DataServiceTests.swift */; };
		DD3900B27EF856FDCE71847E /* ValidationTests.swift in Sources */ = {isa = PBXBuildFile; fileRef = D1EDC3CED1C274FD0649E03C /* ValidationTests.swift */; };
/* End PBXBuildFile section */

/* Begin PBXContainerItemProxy section */
		04A7BD7B258E77D8000E55A8 /* PBXContainerItemProxy */ = {
			isa = PBXContainerItemProxy;
			containerPortal = 04A7BD5E258E77D7000E55A8 /* Project object */;
			proxyType = 1;
			remoteGlobalIDString = 04A7BD69258E77D8000E55A8;
			remoteInfo = "KitchenSink (iOS)";
		};
		04A7BD86258E77D8000E55A8 /* PBXContainerItemProxy */ = {
			isa = PBXContainerItemProxy;
			containerPortal = 04A7BD5E258E77D7000E55A8 /* Project object */;
			proxyType = 1;
			remoteGlobalIDString = 04A7BD71258E77D8000E55A8;
			remoteInfo = "KitchenSink (macOS)";
		};
/* End PBXContainerItemProxy section */

/* Begin PBXCopyFilesBuildPhase section */
		04ASTCLI2F3B000100000003 /* CopyFiles */ = {
			isa = PBXCopyFilesBuildPhase;
			buildActionMask = 2147483647;
			dstPath = "";
			dstSubfolderSpec = 6;
			files = (
				04ASTCLI2F3B000100000001 /* ast-chunker-cli in CopyFiles */,
			);
			runOnlyForDeploymentPostprocessing = 0;
		};
/* End PBXCopyFilesBuildPhase section */

/* Begin PBXFileReference section */
		043A532125998D1E00980BE2 /* README.md */ = {isa = PBXFileReference; lastKnownFileType = net.daringfireball.markdown; path = README.md; sourceTree = "<group>"; };
		04510A5E2A2D20F1001DEF5B /* Git */ = {isa = PBXFileReference; lastKnownFileType = wrapper; name = Git; path = "Local Packages/Git"; sourceTree = "<group>"; };
		048086642A2D21A300536A3E /* Brew */ = {isa = PBXFileReference; lastKnownFileType = wrapper; name = Brew; path = "Local Packages/Brew"; sourceTree = "<group>"; };
		048F40F72853ED060007A9A4 /* ContentView.swift */ = {isa = PBXFileReference; lastKnownFileType = sourcecode.swift; path = ContentView.swift; sourceTree = "<group>"; };
		04A7BD64258E77D7000E55A8 /* ContentView.swift */ = {isa = PBXFileReference; lastKnownFileType = sourcecode.swift; path = ContentView.swift; sourceTree = "<group>"; };
		04A7BD6A258E77D8000E55A8 /* Peel.app */ = {isa = PBXFileReference; explicitFileType = wrapper.application; includeInIndex = 0; path = Peel.app; sourceTree = BUILT_PRODUCTS_DIR; };
		04A7BD6D258E77D8000E55A8 /* Info.plist */ = {isa = PBXFileReference; lastKnownFileType = text.plist.xml; path = Info.plist; sourceTree = "<group>"; };
		04A7BD72258E77D8000E55A8 /* Peel.app */ = {isa = PBXFileReference; explicitFileType = wrapper.application; includeInIndex = 0; path = Peel.app; sourceTree = BUILT_PRODUCTS_DIR; };
		04A7BD74258E77D8000E55A8 /* Info.plist */ = {isa = PBXFileReference; lastKnownFileType = text.plist.xml; path = Info.plist; sourceTree = "<group>"; };
		04A7BD75258E77D8000E55A8 /* macOS.entitlements */ = {isa = PBXFileReference; lastKnownFileType = text.plist.entitlements; path = macOS.entitlements; sourceTree = "<group>"; };
		04A7BD7A258E77D8000E55A8 /* Tests iOS.xctest */ = {isa = PBXFileReference; explicitFileType = wrapper.cfbundle; includeInIndex = 0; path = "Tests iOS.xctest"; sourceTree = BUILT_PRODUCTS_DIR; };
		04A7BD7E258E77D8000E55A8 /* Tests_iOS.swift */ = {isa = PBXFileReference; lastKnownFileType = sourcecode.swift; path = Tests_iOS.swift; sourceTree = "<group>"; };
		04A7BD80258E77D8000E55A8 /* Info.plist */ = {isa = PBXFileReference; lastKnownFileType = text.plist.xml; path = Info.plist; sourceTree = "<group>"; };
		04A7BD85258E77D8000E55A8 /* Tests macOS.xctest */ = {isa = PBXFileReference; explicitFileType = wrapper.cfbundle; includeInIndex = 0; path = "Tests macOS.xctest"; sourceTree = BUILT_PRODUCTS_DIR; };
		04A7BD89258E77D8000E55A8 /* Tests_macOS.swift */ = {isa = PBXFileReference; lastKnownFileType = sourcecode.swift; path = Tests_macOS.swift; sourceTree = "<group>"; };
		04A7BD8B258E77D8000E55A8 /* Info.plist */ = {isa = PBXFileReference; lastKnownFileType = text.plist.xml; path = Info.plist; sourceTree = "<group>"; };
		04ASTCHK2F2E000100000001 /* ASTChunker */ = {isa = PBXFileReference; lastKnownFileType = wrapper; name = ASTChunker; path = "Local Packages/ASTChunker"; sourceTree = "<group>"; };
		04ASTCLI2F3B000100000002 /* ast-chunker-cli */ = {isa = PBXFileReference; lastKnownFileType = "compiled.mach-o.executable"; name = "ast-chunker-cli"; path = "Tools/Binaries/ast-chunker-cli"; sourceTree = "<group>"; };
		04F4F9772596AAD7005B30B4 /* Peel.entitlements */ = {isa = PBXFileReference; lastKnownFileType = text.plist.entitlements; path = Peel.entitlements; sourceTree = "<group>"; };
		04F582A6269FD388003A8403 /* Github */ = {isa = PBXFileReference; lastKnownFileType = wrapper; name = Github; path = "Local Packages/Github"; sourceTree = "<group>"; };
		04MCPCOR2F2E000100000001 /* MCPCore */ = {isa = PBXFileReference; lastKnownFileType = wrapper; name = MCPCore; path = "Local Packages/MCPCore"; sourceTree = "<group>"; };
		04PEELUI2F2E000100000001 /* PeelUI */ = {isa = PBXFileReference; lastKnownFileType = wrapper; name = PeelUI; path = "Local Packages/PeelUI"; sourceTree = "<group>"; };
		0A11B6D02F1234567890ABCD /* PeelApp_iOS.swift */ = {isa = PBXFileReference; lastKnownFileType = sourcecode.swift; path = PeelApp_iOS.swift; sourceTree = "<group>"; };
		0B1E3C9B2FABCDEF00112233 /* DataServiceTests.swift */ = {isa = PBXFileReference; lastKnownFileType = sourcecode.swift; path = DataServiceTests.swift; sourceTree = "<group>"; };
		D1EDC3CED1C274FD0649E03C /* ValidationTests.swift */ = {isa = PBXFileReference; includeInIndex = 1; lastKnownFileType = sourcecode.swift; path = ValidationTests.swift; sourceTree = "<group>"; };
/* End PBXFileReference section */

/* Begin PBXFileSystemSynchronizedBuildFileExceptionSet section */
		04913BD12F0F4ED7001EF810 /* PBXFileSystemSynchronizedBuildFileExceptionSet */ = {
			isa = PBXFileSystemSynchronizedBuildFileExceptionSet;
			membershipExceptions = (
				AgentOrchestration/AgentManager.swift,
				AgentOrchestration/AppleAIService.swift,
				AgentOrchestration/CLIService.swift,
				AgentOrchestration/MCPTelemetryProviding.swift,
				AgentOrchestration/MCPTemplateExecutor.swift,
				AgentOrchestration/ScreenshotService.swift,
				AgentOrchestration/Validation/ValidationConfiguration.swift,
				AgentOrchestration/Validation/ValidationRule.swift,
				AgentOrchestration/Validation/ValidationRunner.swift,
				AgentOrchestration/VMIsolationService.swift,
				AgentOrchestration/VMIsolationView.swift,
				AgentOrchestration/WorkspaceManager.swift,
				Applications/Agents_RootView.swift,
				Applications/Agents/AgentDetailView.swift,
				Applications/Agents/AgentRowView.swift,
				Applications/Agents/AgentSheets.swift,
				Applications/Agents/AgentsSidebarView.swift,
				Applications/Agents/ChainDetailView.swift,
				Applications/Agents/ChainRowViews.swift,
				Applications/Agents/ChainTemplateGalleryView.swift,
				Applications/Agents/LiveStatusPanel.swift,
				Applications/Agents/LocalRAGDashboardView.swift,
				Applications/Agents/MCPDashboardView.swift,
				Applications/Agents/MCPRunDetailView.swift,
				Applications/Agents/NewChainSheet.swift,
				Applications/Agents/ParallelWorktreeDashboardView.swift,
				Applications/Agents/PIIScrubberView.swift,
				Applications/Agents/SaveTemplateSheet.swift,
				Applications/Agents/SessionSummarySheet.swift,
				Applications/Agents/TranslationValidationView.swift,
				Applications/Brew_RootView.swift,
				Applications/Git_RootView.swift,
				Applications/GithubReviewAgentSheet.swift,
				Applications/Workspaces_RootView.swift,
				CommonToolbarItems.swift,
				Extensions/Color.swift,
				PeelApp.swift,
				Services/LocalRAGEmbeddings.swift,
				Services/LocalRAGIndexing.swift,
				Services/LocalRAGStore.swift,
				Services/MCPLogService.swift,
				Services/ParallelWorktreeRunner.swift,
				Services/PIIScrubberService.swift,
				Services/TranslationValidatorService.swift,
				Services/VSCodeService.swift,
				Services/WorkspaceDashboardService.swift,
				Services/WorktreeErrors.swift,
			);
			target = 04A7BD69258E77D8000E55A8 /* Peel (iOS) */;
		};
/* End PBXFileSystemSynchronizedBuildFileExceptionSet section */

/* Begin PBXFileSystemSynchronizedRootGroup section */
		042793A42F0DEAE7002A5499 /* Plans */ = {isa = PBXFileSystemSynchronizedRootGroup; explicitFileTypes = {}; explicitFolders = (); path = Plans; sourceTree = "<group>"; };
		04913BB52F0F4ED7001EF810 /* Shared */ = {isa = PBXFileSystemSynchronizedRootGroup; exceptions = (04913BD12F0F4ED7001EF810 /* PBXFileSystemSynchronizedBuildFileExceptionSet */, ); explicitFileTypes = {}; explicitFolders = (); path = Shared; sourceTree = "<group>"; };
/* End PBXFileSystemSynchronizedRootGroup section */

/* Begin PBXFrameworksBuildPhase section */
		04A7BD67258E77D8000E55A8 /* Frameworks */ = {
			isa = PBXFrameworksBuildPhase;
			buildActionMask = 2147483647;
			files = (
				046D40E426C56BBB003715AF /* OAuthSwift in Frameworks */,
				046D40E726C56C5B003715AF /* Github in Frameworks */,
				040AAB7E26CB385800DE1CBF /* Git in Frameworks */,
			);
			runOnlyForDeploymentPostprocessing = 0;
		};
		04A7BD6F258E77D8000E55A8 /* Frameworks */ = {
			isa = PBXFrameworksBuildPhase;
			buildActionMask = 2147483647;
			files = (
				04ASTCHK2F2E000100000002 /* ASTChunker in Frameworks */,
				03MLXEMB2F2B000100000001 /* MLXEmbedders in Frameworks */,
				03BPETOK2F2A000100000001 /* SwiftBPETokenizer in Frameworks */,
				048086662A2D21E500536A3E /* Brew in Frameworks */,
				04510A582A2D200C001DEF5B /* Github in Frameworks */,
				046C6AB02F1BE07D006CDAC7 /* TaskRunner in Frameworks */,
				04D09EFD26A85E8100072702 /* OAuthSwift in Frameworks */,
			);
			runOnlyForDeploymentPostprocessing = 0;
		};
		04A7BD77258E77D8000E55A8 /* Frameworks */ = {
			isa = PBXFrameworksBuildPhase;
			buildActionMask = 2147483647;
			files = (
			);
			runOnlyForDeploymentPostprocessing = 0;
		};
		04A7BD82258E77D8000E55A8 /* Frameworks */ = {
			isa = PBXFrameworksBuildPhase;
			buildActionMask = 2147483647;
			files = (
			);
			runOnlyForDeploymentPostprocessing = 0;
		};
/* End PBXFrameworksBuildPhase section */

/* Begin PBXGroup section */
		042D2CC32891E44100E162D3 /* Packages */ = {
			isa = PBXGroup;
			children = (
				04ASTCHK2F2E000100000001 /* ASTChunker */,
				048086642A2D21A300536A3E /* Brew */,
				04510A5E2A2D20F1001DEF5B /* Git */,
				04F582A6269FD388003A8403 /* Github */,
				04MCPCOR2F2E000100000001 /* MCPCore */,
				04PEELUI2F2E000100000001 /* PeelUI */,
			);
			name = Packages;
			sourceTree = "<group>";
		};
		0467868025A0DBE400D5E87F /* Frameworks */ = {
			isa = PBXGroup;
			children = (
			);
			name = Frameworks;
			sourceTree = "<group>";
		};
		04A7BD5D258E77D7000E55A8 = {
			isa = PBXGroup;
			children = (
				04ASTCLI2F3B000100000002 /* ast-chunker-cli */,
				042793A42F0DEAE7002A5499 /* Plans */,
				042D2CC32891E44100E162D3 /* Packages */,
				043A532125998D1E00980BE2 /* README.md */,
				04913BB52F0F4ED7001EF810 /* Shared */,
				04F4F9772596AAD7005B30B4 /* Peel.entitlements */,
				04A7BD6C258E77D8000E55A8 /* iOS */,
				04A7BD73258E77D8000E55A8 /* macOS */,
				04A7BD7D258E77D8000E55A8 /* Tests iOS */,
				04A7BD88258E77D8000E55A8 /* Tests macOS */,
				04A7BD6B258E77D8000E55A8 /* Products */,
				0467868025A0DBE400D5E87F /* Frameworks */,
			);
			sourceTree = "<group>";
		};
		04A7BD6B258E77D8000E55A8 /* Products */ = {
			isa = PBXGroup;
			children = (
				04A7BD6A258E77D8000E55A8 /* Peel.app */,
				04A7BD72258E77D8000E55A8 /* Peel.app */,
				04A7BD7A258E77D8000E55A8 /* Tests iOS.xctest */,
				04A7BD85258E77D8000E55A8 /* Tests macOS.xctest */,
			);
			name = Products;
			sourceTree = "<group>";
		};
		04A7BD6C258E77D8000E55A8 /* iOS */ = {
			isa = PBXGroup;
			children = (
				04A7BD6D258E77D8000E55A8 /* Info.plist */,
				0A11B6D02F1234567890ABCD /* PeelApp_iOS.swift */,
				048F40F72853ED060007A9A4 /* ContentView.swift */,
			);
			path = iOS;
			sourceTree = "<group>";
		};
		04A7BD73258E77D8000E55A8 /* macOS */ = {
			isa = PBXGroup;
			children = (
				04A7BD64258E77D7000E55A8 /* ContentView.swift */,
				04A7BD74258E77D8000E55A8 /* Info.plist */,
				04A7BD75258E77D8000E55A8 /* macOS.entitlements */,
			);
			path = macOS;
			sourceTree = "<group>";
		};
		04A7BD7D258E77D8000E55A8 /* Tests iOS */ = {
			isa = PBXGroup;
			children = (
				04A7BD7E258E77D8000E55A8 /* Tests_iOS.swift */,
				04A7BD80258E77D8000E55A8 /* Info.plist */,
			);
			path = "Tests iOS";
			sourceTree = "<group>";
		};
		04A7BD88258E77D8000E55A8 /* Tests macOS */ = {
			isa = PBXGroup;
			children = (
				04A7BD89258E77D8000E55A8 /* Tests_macOS.swift */,
				0B1E3C9B2FABCDEF00112233 /* DataServiceTests.swift */,
				04A7BD8B258E77D8000E55A8 /* Info.plist */,
				D1EDC3CED1C274FD0649E03C /* ValidationTests.swift */,
			);
			path = "Tests macOS";
			sourceTree = "<group>";
		};
/* End PBXGroup section */

/* Begin PBXNativeTarget section */
		04A7BD69258E77D8000E55A8 /* Peel (iOS) */ = {
			isa = PBXNativeTarget;
			buildConfigurationList = 04A7BD94258E77D8000E55A8 /* Build configuration list for PBXNativeTarget "Peel (iOS)" */;
			buildPhases = (
				04A7BD66258E77D8000E55A8 /* Sources */,
				04A7BD67258E77D8000E55A8 /* Frameworks */,
				04A7BD68258E77D8000E55A8 /* Resources */,
			);
			buildRules = (
			);
			dependencies = (
			);
			fileSystemSynchronizedGroups = (
				04913BB52F0F4ED7001EF810 /* Shared */,
			);
			name = "Peel (iOS)";
			packageProductDependencies = (
				046D40E326C56BBB003715AF /* OAuthSwift */,
				046D40E626C56C5B003715AF /* Github */,
				040AAB7D26CB385800DE1CBF /* Git */,
			);
			productName = "Peel (iOS)";
			productReference = 04A7BD6A258E77D8000E55A8 /* Peel.app */;
			productType = "com.apple.product-type.application";
		};
		04A7BD71258E77D8000E55A8 /* Peel (macOS) */ = {
			isa = PBXNativeTarget;
			buildConfigurationList = 04A7BD97258E77D8000E55A8 /* Build configuration list for PBXNativeTarget "Peel (macOS)" */;
			buildPhases = (
				04A7BD6E258E77D8000E55A8 /* Sources */,
				04A7BD6F258E77D8000E55A8 /* Frameworks */,
				04A7BD70258E77D8000E55A8 /* Resources */,
				04ASTCLI2F3B000100000003 /* CopyFiles */,
			);
			buildRules = (
			);
			dependencies = (
			);
			fileSystemSynchronizedGroups = (
				04913BB52F0F4ED7001EF810 /* Shared */,
			);
			name = "Peel (macOS)";
			packageProductDependencies = (
				04D09EFC26A85E8100072702 /* OAuthSwift */,
				04510A572A2D200C001DEF5B /* Github */,
				048086652A2D21E500536A3E /* Brew */,
				046C6AAF2F1BE07D006CDAC7 /* TaskRunner */,
				03MLXEMB2F2B000100000002 /* MLXEmbedders */,
				04ASTCHK2F2E000100000003 /* ASTChunker */,
			);
			productName = "Peel (macOS)";
			productReference = 04A7BD72258E77D8000E55A8 /* Peel.app */;
			productType = "com.apple.product-type.application";
		};
		04A7BD79258E77D8000E55A8 /* Tests iOS */ = {
			isa = PBXNativeTarget;
			buildConfigurationList = 04A7BD9A258E77D8000E55A8 /* Build configuration list for PBXNativeTarget "Tests iOS" */;
			buildPhases = (
				04A7BD76258E77D8000E55A8 /* Sources */,
				04A7BD77258E77D8000E55A8 /* Frameworks */,
				04A7BD78258E77D8000E55A8 /* Resources */,
			);
			buildRules = (
			);
			dependencies = (
				04A7BD7C258E77D8000E55A8 /* PBXTargetDependency */,
			);
			name = "Tests iOS";
			productName = "Tests iOS";
			productReference = 04A7BD7A258E77D8000E55A8 /* Tests iOS.xctest */;
			productType = "com.apple.product-type.bundle.ui-testing";
		};
		04A7BD84258E77D8000E55A8 /* Tests macOS */ = {
			isa = PBXNativeTarget;
			buildConfigurationList = 04A7BD9D258E77D8000E55A8 /* Build configuration list for PBXNativeTarget "Tests macOS" */;
			buildPhases = (
				04A7BD81258E77D8000E55A8 /* Sources */,
				04A7BD82258E77D8000E55A8 /* Frameworks */,
				04A7BD83258E77D8000E55A8 /* Resources */,
			);
			buildRules = (
			);
			dependencies = (
				04A7BD87258E77D8000E55A8 /* PBXTargetDependency */,
			);
			name = "Tests macOS";
			productName = "Tests macOS";
			productReference = 04A7BD85258E77D8000E55A8 /* Tests macOS.xctest */;
			productType = "com.apple.product-type.bundle.unit-test";
		};
/* End PBXNativeTarget section */

/* Begin PBXProject section */
		04A7BD5E258E77D7000E55A8 /* Project object */ = {
			isa = PBXProject;
			attributes = {
				BuildIndependentTargetsInParallel = YES;
				LastSwiftUpdateCheck = 1230;
				LastUpgradeCheck = 2620;
				TargetAttributes = {
					04A7BD69258E77D8000E55A8 = {
						CreatedOnToolsVersion = 12.3;
					};
					04A7BD71258E77D8000E55A8 = {
						CreatedOnToolsVersion = 12.3;
					};
					04A7BD79258E77D8000E55A8 = {
						CreatedOnToolsVersion = 12.3;
						TestTargetID = 04A7BD69258E77D8000E55A8;
					};
					04A7BD84258E77D8000E55A8 = {
						CreatedOnToolsVersion = 12.3;
						TestTargetID = 04A7BD71258E77D8000E55A8;
					};
				};
			};
			buildConfigurationList = 04A7BD61258E77D7000E55A8 /* Build configuration list for PBXProject "Peel" */;
			compatibilityVersion = "Xcode 14.0";
			developmentRegion = en;
			hasScannedForEncodings = 0;
			knownRegions = (
				en,
				Base,
			);
			mainGroup = 04A7BD5D258E77D7000E55A8;
			packageReferences = (
				04DD2F49269E6AED000994E1 /* XCRemoteSwiftPackageReference "OAuthSwift" */,
				046C6AAE2F1BE07D006CDAC7 /* XCRemoteSwiftPackageReference "TaskRunner" */,
				03BPETOK2F2A000100000003 /* XCRemoteSwiftPackageReference "swift-bpe-tokenizer" */,
				03MLXEMB2F2B000100000003 /* XCRemoteSwiftPackageReference "mlx-swift-lm" */,
				04LOCPKG0001000000000001 /* XCLocalSwiftPackageReference "Local Packages/ASTChunker" */,
				04LOCPKG0002000000000001 /* XCLocalSwiftPackageReference "Local Packages/MCPCore" */,
				04LOCPKG0003000000000001 /* XCLocalSwiftPackageReference "Local Packages/PeelUI" */,
				04LOCPKG0004000000000001 /* XCLocalSwiftPackageReference "Local Packages/Git" */,
				04LOCPKG0005000000000001 /* XCLocalSwiftPackageReference "Local Packages/Github" */,
				04LOCPKG0006000000000001 /* XCLocalSwiftPackageReference "Local Packages/Brew" */,
			);
			productRefGroup = 04A7BD6B258E77D8000E55A8 /* Products */;
			projectDirPath = "";
			projectRoot = "";
			targets = (
				04A7BD71258E77D8000E55A8 /* Peel (macOS) */,
				04A7BD69258E77D8000E55A8 /* Peel (iOS) */,
				04A7BD79258E77D8000E55A8 /* Tests iOS */,
				04A7BD84258E77D8000E55A8 /* Tests macOS */,
			);
		};
/* End PBXProject section */

/* Begin PBXResourcesBuildPhase section */
		04A7BD68258E77D8000E55A8 /* Resources */ = {
			isa = PBXResourcesBuildPhase;
			buildActionMask = 2147483647;
			files = (
			);
			runOnlyForDeploymentPostprocessing = 0;
		};
		04A7BD70258E77D8000E55A8 /* Resources */ = {
			isa = PBXResourcesBuildPhase;
			buildActionMask = 2147483647;
			files = (
			);
			runOnlyForDeploymentPostprocessing = 0;
		};
		04A7BD78258E77D8000E55A8 /* Resources */ = {
			isa = PBXResourcesBuildPhase;
			buildActionMask = 2147483647;
			files = (
			);
			runOnlyForDeploymentPostprocessing = 0;
		};
		04A7BD83258E77D8000E55A8 /* Resources */ = {
			isa = PBXResourcesBuildPhase;
			buildActionMask = 2147483647;
			files = (
			);
			runOnlyForDeploymentPostprocessing = 0;
		};
/* End PBXResourcesBuildPhase section */

/* Begin PBXSourcesBuildPhase section */
		04A7BD66258E77D8000E55A8 /* Sources */ = {
			isa = PBXSourcesBuildPhase;
			buildActionMask = 2147483647;
			files = (
				0A11B6D12F1234567890ABCD /* PeelApp_iOS.swift in Sources */,
				048F40F82853ED470007A9A4 /* ContentView.swift in Sources */,
			);
			runOnlyForDeploymentPostprocessing = 0;
		};
		04A7BD6E258E77D8000E55A8 /* Sources */ = {
			isa = PBXSourcesBuildPhase;
			buildActionMask = 2147483647;
			files = (
				04A7BD8F258E77D8000E55A8 /* ContentView.swift in Sources */,
			);
			runOnlyForDeploymentPostprocessing = 0;
		};
		04A7BD76258E77D8000E55A8 /* Sources */ = {
			isa = PBXSourcesBuildPhase;
			buildActionMask = 2147483647;
			files = (
				04A7BD7F258E77D8000E55A8 /* Tests_iOS.swift in Sources */,
			);
			runOnlyForDeploymentPostprocessing = 0;
		};
		04A7BD81258E77D8000E55A8 /* Sources */ = {
			isa = PBXSourcesBuildPhase;
			buildActionMask = 2147483647;
			files = (
				04A7BD8A258E77D8000E55A8 /* Tests_macOS.swift in Sources */,
				0B1E3C9C2FABCDEF00112233 /* DataServiceTests.swift in Sources */,
				DD3900B27EF856FDCE71847E /* ValidationTests.swift in Sources */,
			);
			runOnlyForDeploymentPostprocessing = 0;
		};
/* End PBXSourcesBuildPhase section */

/* Begin PBXTargetDependency section */
		04A7BD7C258E77D8000E55A8 /* PBXTargetDependency */ = {
			isa = PBXTargetDependency;
			target = 04A7BD69258E77D8000E55A8 /* Peel (iOS) */;
			targetProxy = 04A7BD7B258E77D8000E55A8 /* PBXContainerItemProxy */;
		};
		04A7BD87258E77D8000E55A8 /* PBXTargetDependency */ = {
			isa = PBXTargetDependency;
			target = 04A7BD71258E77D8000E55A8 /* Peel (macOS) */;
			targetProxy = 04A7BD86258E77D8000E55A8 /* PBXContainerItemProxy */;
		};
/* End PBXTargetDependency section */

/* Begin XCBuildConfiguration section */
		04A7BD92258E77D8000E55A8 /* Debug */ = {
			isa = XCBuildConfiguration;
			buildSettings = {
				ALWAYS_SEARCH_USER_PATHS = NO;
				CLANG_ANALYZER_NONNULL = YES;
				CLANG_ANALYZER_NUMBER_OBJECT_CONVERSION = YES_AGGRESSIVE;
				CLANG_CXX_LANGUAGE_STANDARD = "gnu++14";
				CLANG_CXX_LIBRARY = "libc++";
				CLANG_ENABLE_MODULES = YES;
				CLANG_ENABLE_OBJC_ARC = YES;
				CLANG_ENABLE_OBJC_WEAK = YES;
				CLANG_WARN_BLOCK_CAPTURE_AUTORELEASING = YES;
				CLANG_WARN_BOOL_CONVERSION = YES;
				CLANG_WARN_COMMA = YES;
				CLANG_WARN_CONSTANT_CONVERSION = YES;
				CLANG_WARN_DEPRECATED_OBJC_IMPLEMENTATIONS = YES;
				CLANG_WARN_DIRECT_OBJC_ISA_USAGE = YES_ERROR;
				CLANG_WARN_DOCUMENTATION_COMMENTS = YES;
				CLANG_WARN_EMPTY_BODY = YES;
				CLANG_WARN_ENUM_CONVERSION = YES;
				CLANG_WARN_INFINITE_RECURSION = YES;
				CLANG_WARN_INT_CONVERSION = YES;
				CLANG_WARN_NON_LITERAL_NULL_CONVERSION = YES;
				CLANG_WARN_OBJC_IMPLICIT_RETAIN_SELF = YES;
				CLANG_WARN_OBJC_LITERAL_CONVERSION = YES;
				CLANG_WARN_OBJC_ROOT_CLASS = YES_ERROR;
				CLANG_WARN_QUOTED_INCLUDE_IN_FRAMEWORK_HEADER = YES;
				CLANG_WARN_RANGE_LOOP_ANALYSIS = YES;
				CLANG_WARN_STRICT_PROTOTYPES = YES;
				CLANG_WARN_SUSPICIOUS_MOVE = YES;
				CLANG_WARN_UNGUARDED_AVAILABILITY = YES_AGGRESSIVE;
				CLANG_WARN_UNREACHABLE_CODE = YES;
				CLANG_WARN__DUPLICATE_METHOD_MATCH = YES;
				COPY_PHASE_STRIP = NO;
				DEAD_CODE_STRIPPING = YES;
				DEBUG_INFORMATION_FORMAT = dwarf;
				DEVELOPMENT_TEAM = UNX9FJDDXV;
				ENABLE_STRICT_OBJC_MSGSEND = YES;
				ENABLE_TESTABILITY = YES;
				ENABLE_USER_SCRIPT_SANDBOXING = YES;
				GCC_C_LANGUAGE_STANDARD = gnu11;
				GCC_DYNAMIC_NO_PIC = NO;
				GCC_NO_COMMON_BLOCKS = YES;
				GCC_OPTIMIZATION_LEVEL = 0;
				GCC_PREPROCESSOR_DEFINITIONS = (
					"DEBUG=1",
					"$(inherited)",
				);
				GCC_WARN_64_TO_32_BIT_CONVERSION = YES;
				GCC_WARN_ABOUT_RETURN_TYPE = YES_ERROR;
				GCC_WARN_UNDECLARED_SELECTOR = YES;
				GCC_WARN_UNINITIALIZED_AUTOS = YES_AGGRESSIVE;
				GCC_WARN_UNUSED_FUNCTION = YES;
				GCC_WARN_UNUSED_VARIABLE = YES;
				MTL_ENABLE_DEBUG_INFO = INCLUDE_SOURCE;
				MTL_FAST_MATH = YES;
				ONLY_ACTIVE_ARCH = YES;
				STRING_CATALOG_GENERATE_SYMBOLS = YES;
				SWIFT_ACTIVE_COMPILATION_CONDITIONS = DEBUG;
				SWIFT_OPTIMIZATION_LEVEL = "-Onone";
			};
			name = Debug;
		};
		04A7BD93258E77D8000E55A8 /* Release */ = {
			isa = XCBuildConfiguration;
			buildSettings = {
				ALWAYS_SEARCH_USER_PATHS = NO;
				CLANG_ANALYZER_NONNULL = YES;
				CLANG_ANALYZER_NUMBER_OBJECT_CONVERSION = YES_AGGRESSIVE;
				CLANG_CXX_LANGUAGE_STANDARD = "gnu++14";
				CLANG_CXX_LIBRARY = "libc++";
				CLANG_ENABLE_MODULES = YES;
				CLANG_ENABLE_OBJC_ARC = YES;
				CLANG_ENABLE_OBJC_WEAK = YES;
				CLANG_WARN_BLOCK_CAPTURE_AUTORELEASING = YES;
				CLANG_WARN_BOOL_CONVERSION = YES;
				CLANG_WARN_COMMA = YES;
				CLANG_WARN_CONSTANT_CONVERSION = YES;
				CLANG_WARN_DEPRECATED_OBJC_IMPLEMENTATIONS = YES;
				CLANG_WARN_DIRECT_OBJC_ISA_USAGE = YES_ERROR;
				CLANG_WARN_DOCUMENTATION_COMMENTS = YES;
				CLANG_WARN_EMPTY_BODY = YES;
				CLANG_WARN_ENUM_CONVERSION = YES;
				CLANG_WARN_INFINITE_RECURSION = YES;
				CLANG_WARN_INT_CONVERSION = YES;
				CLANG_WARN_NON_LITERAL_NULL_CONVERSION = YES;
				CLANG_WARN_OBJC_IMPLICIT_RETAIN_SELF = YES;
				CLANG_WARN_OBJC_LITERAL_CONVERSION = YES;
				CLANG_WARN_OBJC_ROOT_CLASS = YES_ERROR;
				CLANG_WARN_QUOTED_INCLUDE_IN_FRAMEWORK_HEADER = YES;
				CLANG_WARN_RANGE_LOOP_ANALYSIS = YES;
				CLANG_WARN_STRICT_PROTOTYPES = YES;
				CLANG_WARN_SUSPICIOUS_MOVE = YES;
				CLANG_WARN_UNGUARDED_AVAILABILITY = YES_AGGRESSIVE;
				CLANG_WARN_UNREACHABLE_CODE = YES;
				CLANG_WARN__DUPLICATE_METHOD_MATCH = YES;
				COPY_PHASE_STRIP = NO;
				DEAD_CODE_STRIPPING = YES;
				DEBUG_INFORMATION_FORMAT = "dwarf-with-dsym";
				DEVELOPMENT_TEAM = UNX9FJDDXV;
				ENABLE_NS_ASSERTIONS = NO;
				ENABLE_STRICT_OBJC_MSGSEND = YES;
				ENABLE_USER_SCRIPT_SANDBOXING = YES;
				GCC_C_LANGUAGE_STANDARD = gnu11;
				GCC_NO_COMMON_BLOCKS = YES;
				GCC_WARN_64_TO_32_BIT_CONVERSION = YES;
				GCC_WARN_ABOUT_RETURN_TYPE = YES_ERROR;
				GCC_WARN_UNDECLARED_SELECTOR = YES;
				GCC_WARN_UNINITIALIZED_AUTOS = YES_AGGRESSIVE;
				GCC_WARN_UNUSED_FUNCTION = YES;
				GCC_WARN_UNUSED_VARIABLE = YES;
				MTL_ENABLE_DEBUG_INFO = NO;
				MTL_FAST_MATH = YES;
				STRING_CATALOG_GENERATE_SYMBOLS = YES;
				SWIFT_COMPILATION_MODE = wholemodule;
				SWIFT_OPTIMIZATION_LEVEL = "-O";
			};
			name = Release;
		};
		04A7BD95258E77D8000E55A8 /* Debug */ = {
			isa = XCBuildConfiguration;
			buildSettings = {
				ASSETCATALOG_COMPILER_APPICON_NAME = AppIcon;
				ASSETCATALOG_COMPILER_GLOBAL_ACCENT_COLOR_NAME = AccentColor;
				CODE_SIGN_ENTITLEMENTS = Peel.entitlements;
				CODE_SIGN_IDENTITY = "Apple Development";
				CODE_SIGN_STYLE = Automatic;
				CURRENT_PROJECT_VERSION = 4;
				ENABLE_APP_SANDBOX = YES;
				ENABLE_OUTGOING_NETWORK_CONNECTIONS = YES;
				ENABLE_PREVIEWS = YES;
				EXCLUDED_SOURCE_FILE_NAMES = (
					"$(inherited)",
					Shared/AgentOrchestration/AgentManager.swift,
					Shared/AgentOrchestration/AppleAIService.swift,
					Shared/AgentOrchestration/CLIService.swift,
					Shared/AgentOrchestration/MCPTelemetryProviding.swift,
					Shared/AgentOrchestration/MCPTemplateExecutor.swift,
					Shared/AgentOrchestration/ScreenshotService.swift,
					Shared/AgentOrchestration/VMIsolationService.swift,
					Shared/AgentOrchestration/VMIsolationView.swift,
					Shared/AgentOrchestration/Validation/ValidationConfiguration.swift,
					Shared/AgentOrchestration/Validation/ValidationRule.swift,
					Shared/AgentOrchestration/Validation/ValidationRunner.swift,
					Shared/AgentOrchestration/WorkspaceManager.swift,
					Shared/CommonToolbarItems.swift,
					Shared/Applications/Agents/AgentDetailView.swift,
					Shared/Applications/Agents/AgentRowView.swift,
					Shared/Applications/Agents/AgentSheets.swift,
					Shared/Applications/Agents/AgentsSidebarView.swift,
					Shared/Applications/Agents/ChainDetailView.swift,
					Shared/Applications/Agents/ChainRowViews.swift,
					Shared/Applications/Agents/ChainTemplateGalleryView.swift,
					Shared/Applications/Agents/LiveStatusPanel.swift,
					Shared/Applications/Agents/LocalRAGDashboardView.swift,
					Shared/Applications/Agents/MCPDashboardView.swift,
					Shared/Applications/Agents/MCPRunDetailView.swift,
					Shared/Applications/Agents/NewChainSheet.swift,
					Shared/Applications/Agents/PIIScrubberView.swift,
					Shared/Applications/Agents/ParallelWorktreeDashboardView.swift,
					Shared/Applications/Agents/SaveTemplateSheet.swift,
					Shared/Applications/Agents/SessionSummarySheet.swift,
					Shared/Applications/Agents/TranslationValidationView.swift,
					Shared/Applications/Agents_RootView.swift,
					Shared/Applications/Brew_RootView.swift,
					Shared/Applications/GithubReviewAgentSheet.swift,
					Shared/Applications/Git_RootView.swift,
					Shared/Applications/Workspaces_RootView.swift,
					Shared/Extensions/Color.swift,
					Shared/PeelApp.swift,
					Shared/Services/LocalRAGEmbeddings.swift,
					Shared/Services/LocalRAGIndexing.swift,
					Shared/Services/LocalRAGStore.swift,
					Shared/Services/MCPLogService.swift,
					Shared/Services/ParallelWorktreeRunner.swift,
					Shared/Services/PIIScrubberService.swift,
					Shared/Services/TranslationValidatorService.swift,
					Shared/Services/VSCodeService.swift,
					Shared/Services/WorktreeErrors.swift,
					Shared/Services/WorkspaceDashboardService.swift,
				);
				INFOPLIST_FILE = iOS/Info.plist;
				IPHONEOS_DEPLOYMENT_TARGET = 26.0;
				LD_RUNPATH_SEARCH_PATHS = (
					"$(inherited)",
					"@executable_path/Frameworks",
				);
				MACOSX_DEPLOYMENT_TARGET = 26.0;
				PRODUCT_BUNDLE_IDENTIFIER = "crunchy-bananas.Peel";
				PRODUCT_NAME = Peel;
				PROVISIONING_PROFILE_SPECIFIER = "";
				SDKROOT = iphoneos;
				SUPPORTS_MACCATALYST = NO;
				SUPPORTS_MAC_DESIGNED_FOR_IPHONE_IPAD = NO;
				SWIFT_STRICT_CONCURRENCY = complete;
				SWIFT_VERSION = 6.0;
				TARGETED_DEVICE_FAMILY = "1,2";
				TVOS_DEPLOYMENT_TARGET = 26.0;
			};
			name = Debug;
		};
		04A7BD96258E77D8000E55A8 /* Release */ = {
			isa = XCBuildConfiguration;
			buildSettings = {
				ASSETCATALOG_COMPILER_APPICON_NAME = AppIcon;
				ASSETCATALOG_COMPILER_GLOBAL_ACCENT_COLOR_NAME = AccentColor;
				CODE_SIGN_ENTITLEMENTS = Peel.entitlements;
				CODE_SIGN_IDENTITY = "Apple Development";
				CODE_SIGN_STYLE = Automatic;
				CURRENT_PROJECT_VERSION = 4;
				ENABLE_APP_SANDBOX = YES;
				ENABLE_OUTGOING_NETWORK_CONNECTIONS = YES;
				ENABLE_PREVIEWS = YES;
				EXCLUDED_SOURCE_FILE_NAMES = (
					"$(inherited)",
					Shared/AgentOrchestration/AgentManager.swift,
					Shared/AgentOrchestration/AppleAIService.swift,
					Shared/AgentOrchestration/CLIService.swift,
					Shared/AgentOrchestration/MCPTelemetryProviding.swift,
					Shared/AgentOrchestration/MCPTemplateExecutor.swift,
					Shared/AgentOrchestration/ScreenshotService.swift,
					Shared/AgentOrchestration/VMIsolationService.swift,
					Shared/AgentOrchestration/VMIsolationView.swift,
					Shared/AgentOrchestration/Validation/ValidationConfiguration.swift,
					Shared/AgentOrchestration/Validation/ValidationRule.swift,
					Shared/AgentOrchestration/Validation/ValidationRunner.swift,
					Shared/AgentOrchestration/WorkspaceManager.swift,
					Shared/CommonToolbarItems.swift,
					Shared/Applications/Agents/AgentDetailView.swift,
					Shared/Applications/Agents/AgentRowView.swift,
					Shared/Applications/Agents/AgentSheets.swift,
					Shared/Applications/Agents/AgentsSidebarView.swift,
					Shared/Applications/Agents/ChainDetailView.swift,
					Shared/Applications/Agents/ChainRowViews.swift,
					Shared/Applications/Agents/ChainTemplateGalleryView.swift,
					Shared/Applications/Agents/LiveStatusPanel.swift,
					Shared/Applications/Agents/LocalRAGDashboardView.swift,
					Shared/Applications/Agents/MCPDashboardView.swift,
					Shared/Applications/Agents/MCPRunDetailView.swift,
					Shared/Applications/Agents/NewChainSheet.swift,
					Shared/Applications/Agents/PIIScrubberView.swift,
					Shared/Applications/Agents/ParallelWorktreeDashboardView.swift,
					Shared/Applications/Agents/SaveTemplateSheet.swift,
					Shared/Applications/Agents/SessionSummarySheet.swift,
					Shared/Applications/Agents/TranslationValidationView.swift,
					Shared/Applications/Agents_RootView.swift,
					Shared/Applications/Brew_RootView.swift,
					Shared/Applications/GithubReviewAgentSheet.swift,
					Shared/Applications/Git_RootView.swift,
					Shared/Applications/Workspaces_RootView.swift,
					Shared/Extensions/Color.swift,
					Shared/PeelApp.swift,
					Shared/Services/LocalRAGEmbeddings.swift,
					Shared/Services/LocalRAGIndexing.swift,
					Shared/Services/LocalRAGStore.swift,
					Shared/Services/MCPLogService.swift,
					Shared/Services/ParallelWorktreeRunner.swift,
					Shared/Services/PIIScrubberService.swift,
					Shared/Services/TranslationValidatorService.swift,
					Shared/Services/VSCodeService.swift,
					Shared/Services/WorktreeErrors.swift,
					Shared/Services/WorkspaceDashboardService.swift,
				);
				INFOPLIST_FILE = iOS/Info.plist;
				IPHONEOS_DEPLOYMENT_TARGET = 26.0;
				LD_RUNPATH_SEARCH_PATHS = (
					"$(inherited)",
					"@executable_path/Frameworks",
				);
				MACOSX_DEPLOYMENT_TARGET = 26.0;
				PRODUCT_BUNDLE_IDENTIFIER = "crunchy-bananas.Peel";
				PRODUCT_NAME = Peel;
				PROVISIONING_PROFILE_SPECIFIER = "";
				SDKROOT = iphoneos;
				SUPPORTS_MACCATALYST = NO;
				SUPPORTS_MAC_DESIGNED_FOR_IPHONE_IPAD = NO;
				SWIFT_STRICT_CONCURRENCY = complete;
				SWIFT_VERSION = 6.0;
				TARGETED_DEVICE_FAMILY = "1,2";
				TVOS_DEPLOYMENT_TARGET = 26.0;
				VALIDATE_PRODUCT = YES;
			};
			name = Release;
		};
		04A7BD98258E77D8000E55A8 /* Debug */ = {
			isa = XCBuildConfiguration;
			buildSettings = {
				ARCHS = "$(ARCHS_STANDARD)";
				ASSETCATALOG_COMPILER_APPICON_NAME = "AppIcon-mac";
				ASSETCATALOG_COMPILER_GLOBAL_ACCENT_COLOR_NAME = AccentColor;
				CODE_SIGN_ENTITLEMENTS = macOS/macOS.entitlements;
				CODE_SIGN_IDENTITY = "Apple Development";
				CODE_SIGN_STYLE = Automatic;
				COMBINE_HIDPI_IMAGES = YES;
				CURRENT_PROJECT_VERSION = 13;
				DEAD_CODE_STRIPPING = YES;
				ENABLE_APP_SANDBOX = NO;
				ENABLE_HARDENED_RUNTIME = YES;
				ENABLE_PREVIEWS = YES;
				EXCLUDED_ARCHS = x86_64;
				INFOPLIST_FILE = macOS/Info.plist;
				INFOPLIST_KEY_LSApplicationCategoryType = "public.app-category.developer-tools";
				LD_RUNPATH_SEARCH_PATHS = (
					"$(inherited)",
					"@executable_path/../Frameworks",
				);
				MACOSX_DEPLOYMENT_TARGET = 26.0;
				PRODUCT_BUNDLE_IDENTIFIER = "crunchy-bananas.Peel";
				PRODUCT_NAME = Peel;
				PROVISIONING_PROFILE_SPECIFIER = "";
				SDKROOT = macosx;
				SWIFT_STRICT_CONCURRENCY = complete;
				SWIFT_VERSION = 6.0;
			};
			name = Debug;
		};
		04A7BD99258E77D8000E55A8 /* Release */ = {
			isa = XCBuildConfiguration;
			buildSettings = {
				ARCHS = "$(ARCHS_STANDARD)";
				ASSETCATALOG_COMPILER_APPICON_NAME = "AppIcon-mac";
				ASSETCATALOG_COMPILER_GLOBAL_ACCENT_COLOR_NAME = AccentColor;
				CODE_SIGN_ENTITLEMENTS = macOS/macOS.entitlements;
				CODE_SIGN_IDENTITY = "Apple Development";
				CODE_SIGN_STYLE = Automatic;
				COMBINE_HIDPI_IMAGES = YES;
				CURRENT_PROJECT_VERSION = 13;
				DEAD_CODE_STRIPPING = YES;
				ENABLE_APP_SANDBOX = NO;
				ENABLE_HARDENED_RUNTIME = YES;
				ENABLE_PREVIEWS = YES;
				EXCLUDED_ARCHS = x86_64;
				INFOPLIST_FILE = macOS/Info.plist;
				INFOPLIST_KEY_LSApplicationCategoryType = "public.app-category.developer-tools";
				LD_RUNPATH_SEARCH_PATHS = (
					"$(inherited)",
					"@executable_path/../Frameworks",
				);
				MACOSX_DEPLOYMENT_TARGET = 26.0;
				PRODUCT_BUNDLE_IDENTIFIER = "crunchy-bananas.Peel";
				PRODUCT_NAME = Peel;
				PROVISIONING_PROFILE_SPECIFIER = "";
				SDKROOT = macosx;
				SWIFT_STRICT_CONCURRENCY = complete;
				SWIFT_VERSION = 6.0;
			};
			name = Release;
		};
		04A7BD9B258E77D8000E55A8 /* Debug */ = {
			isa = XCBuildConfiguration;
			buildSettings = {
				CODE_SIGN_STYLE = Automatic;
				INFOPLIST_FILE = "Tests iOS/Info.plist";
				IPHONEOS_DEPLOYMENT_TARGET = 14.3;
				LD_RUNPATH_SEARCH_PATHS = (
					"$(inherited)",
					"@executable_path/Frameworks",
					"@loader_path/Frameworks",
				);
				PRODUCT_BUNDLE_IDENTIFIER = "crunchy-bananas.Tests-iOS";
				PRODUCT_NAME = "$(TARGET_NAME)";
				SDKROOT = iphoneos;
				SWIFT_VERSION = 5.0;
				TARGETED_DEVICE_FAMILY = "1,2";
				TEST_TARGET_NAME = "KitchenSink (iOS)";
			};
			name = Debug;
		};
		04A7BD9C258E77D8000E55A8 /* Release */ = {
			isa = XCBuildConfiguration;
			buildSettings = {
				CODE_SIGN_STYLE = Automatic;
				INFOPLIST_FILE = "Tests iOS/Info.plist";
				IPHONEOS_DEPLOYMENT_TARGET = 14.3;
				LD_RUNPATH_SEARCH_PATHS = (
					"$(inherited)",
					"@executable_path/Frameworks",
					"@loader_path/Frameworks",
				);
				PRODUCT_BUNDLE_IDENTIFIER = "crunchy-bananas.Tests-iOS";
				PRODUCT_NAME = "$(TARGET_NAME)";
				SDKROOT = iphoneos;
				SWIFT_VERSION = 5.0;
				TARGETED_DEVICE_FAMILY = "1,2";
				TEST_TARGET_NAME = "KitchenSink (iOS)";
				VALIDATE_PRODUCT = YES;
			};
			name = Release;
		};
		04A7BD9E258E77D8000E55A8 /* Debug */ = {
			isa = XCBuildConfiguration;
			buildSettings = {
				BUNDLE_LOADER = "$(TEST_HOST)";
				CODE_SIGN_STYLE = Automatic;
				COMBINE_HIDPI_IMAGES = YES;
				DEAD_CODE_STRIPPING = YES;
				INFOPLIST_FILE = "Tests macOS/Info.plist";
				LD_RUNPATH_SEARCH_PATHS = (
					"$(inherited)",
					"@executable_path/../Frameworks",
					"@loader_path/../Frameworks",
				);
				MACOSX_DEPLOYMENT_TARGET = 26.0;
				OTHER_SWIFT_FLAGS = "$(inherited) -Xcc -fmodule-map-file=\"$(BUILD_DIR)/../Intermediates.noindex/GeneratedModuleMaps/cmark.modulemap\"";
				PRODUCT_BUNDLE_IDENTIFIER = "crunchy-bananas.Tests-macOS";
				PRODUCT_NAME = "$(TARGET_NAME)";
				SDKROOT = macosx;
				SWIFT_VERSION = 6.0;
				TEST_HOST = "$(BUILT_PRODUCTS_DIR)/Peel.app/Contents/MacOS/Peel";
				TEST_TARGET_NAME = "Peel (macOS)";
			};
			name = Debug;
		};
		04A7BD9F258E77D8000E55A8 /* Release */ = {
			isa = XCBuildConfiguration;
			buildSettings = {
				BUNDLE_LOADER = "$(TEST_HOST)";
				CODE_SIGN_STYLE = Automatic;
				COMBINE_HIDPI_IMAGES = YES;
				DEAD_CODE_STRIPPING = YES;
				INFOPLIST_FILE = "Tests macOS/Info.plist";
				LD_RUNPATH_SEARCH_PATHS = (
					"$(inherited)",
					"@executable_path/../Frameworks",
					"@loader_path/../Frameworks",
				);
				MACOSX_DEPLOYMENT_TARGET = 26.0;
				OTHER_SWIFT_FLAGS = "$(inherited) -Xcc -fmodule-map-file=\"$(BUILD_DIR)/../Intermediates.noindex/GeneratedModuleMaps/cmark.modulemap\"";
				PRODUCT_BUNDLE_IDENTIFIER = "crunchy-bananas.Tests-macOS";
				PRODUCT_NAME = "$(TARGET_NAME)";
				SDKROOT = macosx;
				SWIFT_VERSION = 6.0;
				TEST_HOST = "$(BUILT_PRODUCTS_DIR)/Peel.app/Contents/MacOS/Peel";
				TEST_TARGET_NAME = "Peel (macOS)";
			};
			name = Release;
		};
/* End XCBuildConfiguration section */

/* Begin XCConfigurationList section */
		04A7BD61258E77D7000E55A8 /* Build configuration list for PBXProject "Peel" */ = {
			isa = XCConfigurationList;
			buildConfigurations = (
				04A7BD92258E77D8000E55A8 /* Debug */,
				04A7BD93258E77D8000E55A8 /* Release */,
			);
			defaultConfigurationIsVisible = 0;
			defaultConfigurationName = Release;
		};
		04A7BD94258E77D8000E55A8 /* Build configuration list for PBXNativeTarget "Peel (iOS)" */ = {
			isa = XCConfigurationList;
			buildConfigurations = (
				04A7BD95258E77D8000E55A8 /* Debug */,
				04A7BD96258E77D8000E55A8 /* Release */,
			);
			defaultConfigurationIsVisible = 0;
			defaultConfigurationName = Release;
		};
		04A7BD97258E77D8000E55A8 /* Build configuration list for PBXNativeTarget "Peel (macOS)" */ = {
			isa = XCConfigurationList;
			buildConfigurations = (
				04A7BD98258E77D8000E55A8 /* Debug */,
				04A7BD99258E77D8000E55A8 /* Release */,
			);
			defaultConfigurationIsVisible = 0;
			defaultConfigurationName = Release;
		};
		04A7BD9A258E77D8000E55A8 /* Build configuration list for PBXNativeTarget "Tests iOS" */ = {
			isa = XCConfigurationList;
			buildConfigurations = (
				04A7BD9B258E77D8000E55A8 /* Debug */,
				04A7BD9C258E77D8000E55A8 /* Release */,
			);
			defaultConfigurationIsVisible = 0;
			defaultConfigurationName = Release;
		};
		04A7BD9D258E77D8000E55A8 /* Build configuration list for PBXNativeTarget "Tests macOS" */ = {
			isa = XCConfigurationList;
			buildConfigurations = (
				04A7BD9E258E77D8000E55A8 /* Debug */,
				04A7BD9F258E77D8000E55A8 /* Release */,
			);
			defaultConfigurationIsVisible = 0;
			defaultConfigurationName = Release;
		};
/* End XCConfigurationList section */

/* Begin XCLocalSwiftPackageReference section */
		04LOCPKG0001000000000001 /* XCLocalSwiftPackageReference "Local Packages/ASTChunker" */ = {
			isa = XCLocalSwiftPackageReference;
			relativePath = "Local Packages/ASTChunker";
		};
		04LOCPKG0002000000000001 /* XCLocalSwiftPackageReference "Local Packages/MCPCore" */ = {
			isa = XCLocalSwiftPackageReference;
			relativePath = "Local Packages/MCPCore";
		};
		04LOCPKG0003000000000001 /* XCLocalSwiftPackageReference "Local Packages/PeelUI" */ = {
			isa = XCLocalSwiftPackageReference;
			relativePath = "Local Packages/PeelUI";
		};
		04LOCPKG0004000000000001 /* XCLocalSwiftPackageReference "Local Packages/Git" */ = {
			isa = XCLocalSwiftPackageReference;
			relativePath = "Local Packages/Git";
		};
		04LOCPKG0005000000000001 /* XCLocalSwiftPackageReference "Local Packages/Github" */ = {
			isa = XCLocalSwiftPackageReference;
			relativePath = "Local Packages/Github";
		};
		04LOCPKG0006000000000001 /* XCLocalSwiftPackageReference "Local Packages/Brew" */ = {
			isa = XCLocalSwiftPackageReference;
			relativePath = "Local Packages/Brew";
		};
/* End XCLocalSwiftPackageReference section */

/* Begin XCRemoteSwiftPackageReference section */
		03BPETOK2F2A000100000003 /* XCRemoteSwiftPackageReference "swift-bpe-tokenizer" */ = {
			isa = XCRemoteSwiftPackageReference;
			repositoryURL = "https://github.com/crunchybananas/swift-bpe-tokenizer";
			requirement = {
				kind = upToNextMajorVersion;
				minimumVersion = 1.0.0;
			};
		};
		03MLXEMB2F2B000100000003 /* XCRemoteSwiftPackageReference "mlx-swift-lm" */ = {
			isa = XCRemoteSwiftPackageReference;
			repositoryURL = "https://github.com/ml-explore/mlx-swift-lm";
			requirement = {
				kind = upToNextMajorVersion;
				minimumVersion = 2.30.0;
			};
		};
		046C6AAE2F1BE07D006CDAC7 /* XCRemoteSwiftPackageReference "TaskRunner" */ = {
			isa = XCRemoteSwiftPackageReference;
			repositoryURL = "https://github.com/crunchybananas/TaskRunner";
			requirement = {
				kind = upToNextMajorVersion;
				minimumVersion = 0.0.2;
			};
		};
		04DD2F49269E6AED000994E1 /* XCRemoteSwiftPackageReference "OAuthSwift" */ = {
			isa = XCRemoteSwiftPackageReference;
			repositoryURL = "https://github.com/OAuthSwift/OAuthSwift.git";
			requirement = {
				kind = upToNextMajorVersion;
				minimumVersion = 2.2.0;
			};
		};
/* End XCRemoteSwiftPackageReference section */

/* Begin XCSwiftPackageProductDependency section */
		03BPETOK2F2A000100000002 /* SwiftBPETokenizer */ = {
			isa = XCSwiftPackageProductDependency;
			package = 03BPETOK2F2A000100000003 /* XCRemoteSwiftPackageReference "swift-bpe-tokenizer" */;
			productName = SwiftBPETokenizer;
		};
		03MLXEMB2F2B000100000002 /* MLXEmbedders */ = {
			isa = XCSwiftPackageProductDependency;
			package = 03MLXEMB2F2B000100000003 /* XCRemoteSwiftPackageReference "mlx-swift-lm" */;
			productName = MLXEmbedders;
		};
		040AAB7D26CB385800DE1CBF /* Git */ = {
			isa = XCSwiftPackageProductDependency;
			package = 04LOCPKG0004000000000001 /* XCLocalSwiftPackageReference "Local Packages/Git" */;
			productName = Git;
		};
		04510A572A2D200C001DEF5B /* Github */ = {
			isa = XCSwiftPackageProductDependency;
			package = 04LOCPKG0005000000000001 /* XCLocalSwiftPackageReference "Local Packages/Github" */;
			productName = Github;
		};
		046C6AAF2F1BE07D006CDAC7 /* TaskRunner */ = {
			isa = XCSwiftPackageProductDependency;
			package = 046C6AAE2F1BE07D006CDAC7 /* XCRemoteSwiftPackageReference "TaskRunner" */;
			productName = TaskRunner;
		};
		046D40E326C56BBB003715AF /* OAuthSwift */ = {
			isa = XCSwiftPackageProductDependency;
			package = 04DD2F49269E6AED000994E1 /* XCRemoteSwiftPackageReference "OAuthSwift" */;
			productName = OAuthSwift;
		};
		046D40E626C56C5B003715AF /* Github */ = {
			isa = XCSwiftPackageProductDependency;
			package = 04LOCPKG0005000000000001 /* XCLocalSwiftPackageReference "Local Packages/Github" */;
			productName = Github;
		};
		048086652A2D21E500536A3E /* Brew */ = {
			isa = XCSwiftPackageProductDependency;
			package = 04LOCPKG0006000000000001 /* XCLocalSwiftPackageReference "Local Packages/Brew" */;
			productName = Brew;
		};
		04ASTCHK2F2E000100000003 /* ASTChunker */ = {
			isa = XCSwiftPackageProductDependency;
			package = 04LOCPKG0001000000000001 /* XCLocalSwiftPackageReference "Local Packages/ASTChunker" */;
			productName = ASTChunker;
		};
		04D09EFC26A85E8100072702 /* OAuthSwift */ = {
			isa = XCSwiftPackageProductDependency;
			package = 04DD2F49269E6AED000994E1 /* XCRemoteSwiftPackageReference "OAuthSwift" */;
			productName = OAuthSwift;
		};
/* End XCSwiftPackageProductDependency section */
	};
	rootObject = 04A7BD5E258E77D7000E55A8 /* Project object */;
}
