// !$*UTF8*$!
{
	archiveVersion = 1;
	classes = {
	};
	objectVersion = 70;
	objects = {

/* Begin PBXBuildFile section */
		04WEBRTC2F60000100000001 /* WebRTCTransfer in Frameworks */ = {isa = PBXBuildFile; productRef = 04WEBRTC2F60000100000002 /* WebRTCTransfer */; };
		03BPETOK2F2A000100000001 /* SwiftBPETokenizer in Frameworks */ = {isa = PBXBuildFile; productRef = 03BPETOK2F2A000100000002 /* SwiftBPETokenizer */; };
		03MLXEMB2F2B000100000001 /* MLXEmbedders in Frameworks */ = {isa = PBXBuildFile; productRef = 03MLXEMB2F2B000100000002 /* MLXEmbedders */; };
		03MLXLLM2F30000100000001 /* MLXLLM in Frameworks */ = {isa = PBXBuildFile; productRef = 03MLXLLM2F30000100000002 /* MLXLLM */; };
		03MLXLMC2F30000100000001 /* MLXLMCommon in Frameworks */ = {isa = PBXBuildFile; productRef = 03MLXLMC2F30000100000002 /* MLXLMCommon */; };
		03MLXAUD2F70000100000001 /* MLXAudioCore in Frameworks */ = {isa = PBXBuildFile; productRef = 03MLXAUD2F70000100000002 /* MLXAudioCore */; };
		03MLXAUD2F70000200000001 /* MLXAudioTTS in Frameworks */ = {isa = PBXBuildFile; productRef = 03MLXAUD2F70000200000002 /* MLXAudioTTS */; };
		03MLXAUD2F70000300000001 /* MLXAudioSTT in Frameworks */ = {isa = PBXBuildFile; productRef = 03MLXAUD2F70000300000002 /* MLXAudioSTT */; };
		040AAB7E26CB385800DE1CBF /* Git in Frameworks */ = {isa = PBXBuildFile; productRef = 040AAB7D26CB385800DE1CBF /* Git */; };
		04503C392F3FCA8400BA3223 /* MCPCore in Frameworks */ = {isa = PBXBuildFile; productRef = 04MCPCOR2F2E000100000004 /* MCPCore */; };
		04503C3A2F3FCA8400BA3223 /* RAGCore in Frameworks */ = {isa = PBXBuildFile; productRef = 04RAGCOR2F3C000100000003 /* RAGCore */; };
		04503C3B2F3FCA8400BA3223 /* MCPCore in Frameworks */ = {isa = PBXBuildFile; productRef = 04MCPCOR2F2E000100000004 /* MCPCore */; };
		04510A582A2D200C001DEF5B /* Github in Frameworks */ = {isa = PBXBuildFile; productRef = 04510A572A2D200C001DEF5B /* Github */; };
		046C6AB02F1BE07D006CDAC7 /* TaskRunner in Frameworks */ = {isa = PBXBuildFile; productRef = 046C6AAF2F1BE07D006CDAC7 /* TaskRunner */; };
		046D40E426C56BBB003715AF /* OAuthSwift in Frameworks */ = {isa = PBXBuildFile; productRef = 046D40E326C56BBB003715AF /* OAuthSwift */; };
		046D40E726C56C5B003715AF /* Github in Frameworks */ = {isa = PBXBuildFile; productRef = 046D40E626C56C5B003715AF /* Github */; };
		048086662A2D21E500536A3E /* Brew in Frameworks */ = {isa = PBXBuildFile; productRef = 048086652A2D21E500536A3E /* Brew */; };
		048F40F82853ED470007A9A4 /* ContentView.swift in Sources */ = {isa = PBXBuildFile; fileRef = 048F40F72853ED060007A9A4 /* ContentView.swift */; };
		04A236482F2E34510055F436 /* FirebaseAppCheck in Frameworks */ = {isa = PBXBuildFile; productRef = 04A236472F2E34510055F436 /* FirebaseAppCheck */; };
		04A2364A2F2E34510055F436 /* FirebaseAuth in Frameworks */ = {isa = PBXBuildFile; productRef = 04A236492F2E34510055F436 /* FirebaseAuth */; };
		04A2364C2F2E34510055F436 /* FirebaseFirestore in Frameworks */ = {isa = PBXBuildFile; productRef = 04A2364B2F2E34510055F436 /* FirebaseFirestore */; };
		04A2364E2F2E34510055F436 /* FirebaseFunctions in Frameworks */ = {isa = PBXBuildFile; productRef = 04A2364D2F2E34510055F436 /* FirebaseFunctions */; };
		04A7BD7F258E77D8000E55A8 /* Tests_iOS.swift in Sources */ = {isa = PBXBuildFile; fileRef = 04A7BD7E258E77D8000E55A8 /* Tests_iOS.swift */; };
		04A7BD8A258E77D8000E55A8 /* Tests_macOS.swift in Sources */ = {isa = PBXBuildFile; fileRef = 04A7BD89258E77D8000E55A8 /* Tests_macOS.swift */; };
		04A7BD8F258E77D8000E55A8 /* ContentView.swift in Sources */ = {isa = PBXBuildFile; fileRef = 04A7BD64258E77D7000E55A8 /* ContentView.swift */; };
		04ASTCLI2F3B000100000001 /* ast-chunker-cli in CopyFiles */ = {isa = PBXBuildFile; fileRef = 04ASTCLI2F3B000100000002 /* ast-chunker-cli */; settings = {ATTRIBUTES = (CodeSignOnCopy, ); }; };
		04D09EFD26A85E8100072702 /* OAuthSwift in Frameworks */ = {isa = PBXBuildFile; productRef = 04D09EFC26A85E8100072702 /* OAuthSwift */; };
		04PIISCR2F2E000100000002 /* PIIScrubber in Frameworks */ = {isa = PBXBuildFile; productRef = 04PIISCR2F2E000100000003 /* PIIScrubber */; };
		0A11B6D12F1234567890ABCD /* PeelApp_iOS.swift in Sources */ = {isa = PBXBuildFile; fileRef = 0A11B6D02F1234567890ABCD /* PeelApp_iOS.swift */; };
		0B1E3C9C2FABCDEF00112233 /* DataServiceTests.swift in Sources */ = {isa = PBXBuildFile; fileRef = 0B1E3C9B2FABCDEF00112233 /* DataServiceTests.swift */; };
		0C2A4B5E2D000001000E55A8 /* RAGStoreTests.swift in Sources */ = {isa = PBXBuildFile; fileRef = 0C2A4B5D2D000001000E55A8 /* RAGStoreTests.swift */; };
		0C2A4B602D000002000E55A8 /* MCPRAGToolsTests.swift in Sources */ = {isa = PBXBuildFile; fileRef = 0C2A4B5F2D000002000E55A8 /* MCPRAGToolsTests.swift */; };
		0C2A4B622D000003000E55A8 /* UtilitiesTests.swift in Sources */ = {isa = PBXBuildFile; fileRef = 0C2A4B612D000003000E55A8 /* UtilitiesTests.swift */; };
		0C2A4B662D000005000E55A8 /* DoclingValidationTests.swift in Sources */ = {isa = PBXBuildFile; fileRef = 0C2A4B652D000005000E55A8 /* DoclingValidationTests.swift */; };
		0CVM000001000001000E55A8 /* VMIntegrationTests.swift in Sources */ = {isa = PBXBuildFile; fileRef = 0CVM000001000002000E55A8 /* VMIntegrationTests.swift */; };
		AA299ROUTE2F5A000100000001 /* ParallelRoutingTests.swift in Sources */ = {isa = PBXBuildFile; fileRef = AA299ROUTE2F5A000100000002 /* ParallelRoutingTests.swift */; };
		BB1TRACK2F6B000100000001 /* TrackedRemoteRepoTests.swift in Sources */ = {isa = PBXBuildFile; fileRef = BB1TRACK2F6B000100000002 /* TrackedRemoteRepoTests.swift */; };
		DD3900B27EF856FDCE71847E /* ValidationTests.swift in Sources */ = {isa = PBXBuildFile; fileRef = D1EDC3CED1C274FD0649E03C /* ValidationTests.swift */; };
		E1A1B2C32F800001000E55A8 /* RAGRepoSyncTests.swift in Sources */ = {isa = PBXBuildFile; fileRef = E1A1B2C22F800001000E55A8 /* RAGRepoSyncTests.swift */; };
/* End PBXBuildFile section */

/* Begin PBXContainerItemProxy section */
		04A7BD7B258E77D8000E55A8 /* PBXContainerItemProxy */ = {
			isa = PBXContainerItemProxy;
			containerPortal = 04A7BD5E258E77D7000E55A8 /* Project object */;
			proxyType = 1;
			remoteGlobalIDString = 04A7BD69258E77D8000E55A8;
			remoteInfo = "KitchenSink (iOS)";
		};
		04A7BD86258E77D8000E55A8 /* PBXContainerItemProxy */ = {
			isa = PBXContainerItemProxy;
			containerPortal = 04A7BD5E258E77D7000E55A8 /* Project object */;
			proxyType = 1;
			remoteGlobalIDString = 04A7BD71258E77D8000E55A8;
			remoteInfo = "KitchenSink (macOS)";
		};
/* End PBXContainerItemProxy section */

/* Begin PBXCopyFilesBuildPhase section */
		04ASTCLI2F3B000100000003 /* CopyFiles */ = {
			isa = PBXCopyFilesBuildPhase;
			buildActionMask = 2147483647;
			dstPath = "";
			dstSubfolderSpec = 6;
			files = (
				04ASTCLI2F3B000100000001 /* ast-chunker-cli in CopyFiles */,
			);
			runOnlyForDeploymentPostprocessing = 0;
		};
/* End PBXCopyFilesBuildPhase section */

/* Begin PBXFileReference section */
		043A532125998D1E00980BE2 /* README.md */ = {isa = PBXFileReference; lastKnownFileType = net.daringfireball.markdown; path = README.md; sourceTree = "<group>"; };
		04510A5E2A2D20F1001DEF5B /* Git */ = {isa = PBXFileReference; lastKnownFileType = wrapper; name = Git; path = "Local Packages/Git"; sourceTree = "<group>"; };
		048086642A2D21A300536A3E /* Brew */ = {isa = PBXFileReference; lastKnownFileType = wrapper; name = Brew; path = "Local Packages/Brew"; sourceTree = "<group>"; };
		048F40F72853ED060007A9A4 /* ContentView.swift */ = {isa = PBXFileReference; lastKnownFileType = sourcecode.swift; path = ContentView.swift; sourceTree = "<group>"; };
		04A7BD64258E77D7000E55A8 /* ContentView.swift */ = {isa = PBXFileReference; lastKnownFileType = sourcecode.swift; path = ContentView.swift; sourceTree = "<group>"; };
		04A7BD6A258E77D8000E55A8 /* Peel.app */ = {isa = PBXFileReference; explicitFileType = wrapper.application; includeInIndex = 0; path = Peel.app; sourceTree = BUILT_PRODUCTS_DIR; };
		04A7BD6D258E77D8000E55A8 /* Info.plist */ = {isa = PBXFileReference; lastKnownFileType = text.plist.xml; path = Info.plist; sourceTree = "<group>"; };
		04A7BD72258E77D8000E55A8 /* Peel.app */ = {isa = PBXFileReference; explicitFileType = wrapper.application; includeInIndex = 0; path = Peel.app; sourceTree = BUILT_PRODUCTS_DIR; };
		04A7BD74258E77D8000E55A8 /* Info.plist */ = {isa = PBXFileReference; lastKnownFileType = text.plist.xml; path = Info.plist; sourceTree = "<group>"; };
		04A7BD75258E77D8000E55A8 /* macOS.entitlements */ = {isa = PBXFileReference; lastKnownFileType = text.plist.entitlements; path = macOS.entitlements; sourceTree = "<group>"; };
		04A7BD7A258E77D8000E55A8 /* Tests iOS.xctest */ = {isa = PBXFileReference; explicitFileType = wrapper.cfbundle; includeInIndex = 0; path = "Tests iOS.xctest"; sourceTree = BUILT_PRODUCTS_DIR; };
		04A7BD7E258E77D8000E55A8 /* Tests_iOS.swift */ = {isa = PBXFileReference; lastKnownFileType = sourcecode.swift; path = Tests_iOS.swift; sourceTree = "<group>"; };
		04A7BD80258E77D8000E55A8 /* Info.plist */ = {isa = PBXFileReference; lastKnownFileType = text.plist.xml; path = Info.plist; sourceTree = "<group>"; };
		04A7BD85258E77D8000E55A8 /* Tests macOS.xctest */ = {isa = PBXFileReference; explicitFileType = wrapper.cfbundle; includeInIndex = 0; path = "Tests macOS.xctest"; sourceTree = BUILT_PRODUCTS_DIR; };
		04A7BD89258E77D8000E55A8 /* Tests_macOS.swift */ = {isa = PBXFileReference; lastKnownFileType = sourcecode.swift; path = Tests_macOS.swift; sourceTree = "<group>"; };
		04A7BD8B258E77D8000E55A8 /* Info.plist */ = {isa = PBXFileReference; lastKnownFileType = text.plist.xml; path = Info.plist; sourceTree = "<group>"; };
		04ASTCLI2F3B000100000002 /* ast-chunker-cli */ = {isa = PBXFileReference; lastKnownFileType = "compiled.mach-o.executable"; name = "ast-chunker-cli"; path = "Tools/Binaries/ast-chunker-cli"; sourceTree = "<group>"; };
		04F4F9772596AAD7005B30B4 /* Peel.entitlements */ = {isa = PBXFileReference; lastKnownFileType = text.plist.entitlements; path = Peel.entitlements; sourceTree = "<group>"; };
		04F582A6269FD388003A8403 /* Github */ = {isa = PBXFileReference; lastKnownFileType = wrapper; name = Github; path = "Local Packages/Github"; sourceTree = "<group>"; };
		04PEELUI2F2E000100000001 /* PeelUI */ = {isa = PBXFileReference; lastKnownFileType = wrapper; name = PeelUI; path = "Local Packages/PeelUI"; sourceTree = "<group>"; };
		04PIISCR2F2E000100000001 /* PIIScrubber */ = {isa = PBXFileReference; lastKnownFileType = wrapper; name = PIIScrubber; path = "Local Packages/PIIScrubber"; sourceTree = "<group>"; };
		0A11B6D02F1234567890ABCD /* PeelApp_iOS.swift */ = {isa = PBXFileReference; lastKnownFileType = sourcecode.swift; path = PeelApp_iOS.swift; sourceTree = "<group>"; };
		0B1E3C9B2FABCDEF00112233 /* DataServiceTests.swift */ = {isa = PBXFileReference; lastKnownFileType = sourcecode.swift; path = DataServiceTests.swift; sourceTree = "<group>"; };
		0C2A4B5D2D000001000E55A8 /* RAGStoreTests.swift */ = {isa = PBXFileReference; lastKnownFileType = sourcecode.swift; path = RAGStoreTests.swift; sourceTree = "<group>"; };
		0C2A4B5F2D000002000E55A8 /* MCPRAGToolsTests.swift */ = {isa = PBXFileReference; lastKnownFileType = sourcecode.swift; path = MCPRAGToolsTests.swift; sourceTree = "<group>"; };
		0C2A4B612D000003000E55A8 /* UtilitiesTests.swift */ = {isa = PBXFileReference; lastKnownFileType = sourcecode.swift; path = UtilitiesTests.swift; sourceTree = "<group>"; };
		0C2A4B652D000005000E55A8 /* DoclingValidationTests.swift */ = {isa = PBXFileReference; lastKnownFileType = sourcecode.swift; path = DoclingValidationTests.swift; sourceTree = "<group>"; };
		0CVM000001000002000E55A8 /* VMIntegrationTests.swift */ = {isa = PBXFileReference; lastKnownFileType = sourcecode.swift; path = VMIntegrationTests.swift; sourceTree = "<group>"; };
		AA299ROUTE2F5A000100000002 /* ParallelRoutingTests.swift */ = {isa = PBXFileReference; lastKnownFileType = sourcecode.swift; path = ParallelRoutingTests.swift; sourceTree = "<group>"; };
		BB1TRACK2F6B000100000002 /* TrackedRemoteRepoTests.swift */ = {isa = PBXFileReference; lastKnownFileType = sourcecode.swift; path = TrackedRemoteRepoTests.swift; sourceTree = "<group>"; };
		D1EDC3CED1C274FD0649E03C /* ValidationTests.swift */ = {isa = PBXFileReference; includeInIndex = 1; lastKnownFileType = sourcecode.swift; path = ValidationTests.swift; sourceTree = "<group>"; };
		E1A1B2C22F800001000E55A8 /* RAGRepoSyncTests.swift */ = {isa = PBXFileReference; lastKnownFileType = sourcecode.swift; path = RAGRepoSyncTests.swift; sourceTree = "<group>"; };
/* End PBXFileReference section */

/* Begin PBXFileSystemSynchronizedBuildFileExceptionSet section */
		04913BD12F0F4ED7001EF810 /* PBXFileSystemSynchronizedBuildFileExceptionSet */ = {
			isa = PBXFileSystemSynchronizedBuildFileExceptionSet;
			membershipExceptions = (
				AgentOrchestration/AgentChainRunner.swift,
				AgentOrchestration/AgentManager.swift,
				AgentOrchestration/AppleAIService.swift,
				AgentOrchestration/CLIService.swift,
				AgentOrchestration/ChainErrors.swift,
				AgentOrchestration/MCPServerConfig.swift,
				"AgentOrchestration/MCPServerService+ChainHandlers.swift",
				"AgentOrchestration/MCPServerService+ChainToolsDelegate.swift",
				"AgentOrchestration/MCPServerService+DependencyGraph.swift",
				"AgentOrchestration/MCPServerService+GitHubToolsDelegate.swift",
				"AgentOrchestration/MCPServerService+RAGArtifactSync.swift",
				"AgentOrchestration/MCPServerService+RAGToolsDelegate.swift",
				"AgentOrchestration/MCPServerService+SchedulerDelegate.swift",
				"AgentOrchestration/MCPServerService+ServerCore.swift",
				"AgentOrchestration/MCPServerService+SmallDelegates.swift",
				"AgentOrchestration/MCPServerService+ToolDefinitions.swift",
				"AgentOrchestration/MCPServerService+WorktreeToolsDelegate.swift",
				AgentOrchestration/MCPServerService.swift,
				AgentOrchestration/MCPTelemetryProviding.swift,
				AgentOrchestration/MCPToolPermissions.swift,
				AgentOrchestration/MCPUIAutomationProvider.swift,
				AgentOrchestration/ManagerOrchestrator.swift,
				AgentOrchestration/Models/Agent.swift,
				AgentOrchestration/Models/AgentChain.swift,
				AgentOrchestration/Models/AgentTask.swift,
				AgentOrchestration/Models/AgentWorkspace.swift,
				AgentOrchestration/Models/ChainTemplate.swift,
				AgentOrchestration/Models/SessionTracker.swift,
				AgentOrchestration/ScreenshotService.swift,
				AgentOrchestration/Terminal/CommandSanitizer.swift,
				AgentOrchestration/Terminal/ShellAdapter.swift,
				AgentOrchestration/Terminal/XcodeBuildQueue.swift,
				AgentOrchestration/ToolHandlers/ChainToolsHandler.swift,
				AgentOrchestration/ToolHandlers/ChromeToolsHandler.swift,
				AgentOrchestration/ToolHandlers/CodeEditToolsHandler.swift,
				AgentOrchestration/ToolHandlers/CodeQualityToolsHandler.swift,
				AgentOrchestration/ToolHandlers/GitHubToolsHandler.swift,
				AgentOrchestration/ToolHandlers/GitToolsHandler.swift,
				AgentOrchestration/ToolHandlers/LocalChatToolsHandler.swift,
				AgentOrchestration/ToolHandlers/MCPToolHandler.swift,
				AgentOrchestration/ToolHandlers/ParallelToolsHandler.swift,
				"AgentOrchestration/ToolHandlers/RAGToolsHandler+Analysis.swift",
				"AgentOrchestration/ToolHandlers/RAGToolsHandler+Indexing.swift",
				"AgentOrchestration/ToolHandlers/RAGToolsHandler+Lessons.swift",
				"AgentOrchestration/ToolHandlers/RAGToolsHandler+Search.swift",
				"AgentOrchestration/ToolHandlers/RAGToolsHandler+Skills.swift",
				"AgentOrchestration/ToolHandlers/RAGToolsHandler+ToolDefinitions.swift",
				"AgentOrchestration/ToolHandlers/RAGToolsHandler+Types.swift",
				AgentOrchestration/ToolHandlers/RAGToolsHandler.swift,
				AgentOrchestration/ToolHandlers/RAGToolsHandlerDelegate.swift,
				AgentOrchestration/ToolHandlers/RepoProfileToolsHandler.swift,
				AgentOrchestration/ToolHandlers/RepoToolsHandler.swift,
				AgentOrchestration/ToolHandlers/RunToolsHandler.swift,
				AgentOrchestration/ToolHandlers/SchedulingToolsHandler.swift,
				"AgentOrchestration/ToolHandlers/SwarmToolsHandler+Firebase.swift",
				"AgentOrchestration/ToolHandlers/SwarmToolsHandler+Firestore.swift",
				"AgentOrchestration/ToolHandlers/SwarmToolsHandler+PeerDiscovery.swift",
				"AgentOrchestration/ToolHandlers/SwarmToolsHandler+TaskDispatch.swift",
				"AgentOrchestration/ToolHandlers/SwarmToolsHandler+ToolDefinitions.swift",
				AgentOrchestration/ToolHandlers/SwarmToolsHandler.swift,
				AgentOrchestration/ToolHandlers/TerminalToolsHandler.swift,
				AgentOrchestration/ToolHandlers/UIToolsHandler.swift,
				AgentOrchestration/ToolHandlers/VMToolsHandler.swift,
				"AgentOrchestration/ToolHandlers/WorktreeToolsHandler+ToolDefinitions.swift",
				AgentOrchestration/ToolHandlers/WorktreeToolsHandler.swift,
				AgentOrchestration/ToolHandlers/XcodeToolHandler.swift,
				AgentOrchestration/VMChainExecutor.swift,
				AgentOrchestration/VMIsolationComponents.swift,
				AgentOrchestration/VMIsolationConsoleView.swift,
				AgentOrchestration/VMIsolationLinuxView.swift,
				AgentOrchestration/VMIsolationMacOSView.swift,
				AgentOrchestration/VMIsolationService.swift,
				AgentOrchestration/VMIsolationSetupView.swift,
				AgentOrchestration/VMIsolationTypes.swift,
				AgentOrchestration/VMIsolationView.swift,
				AgentOrchestration/Validation/ValidationConfiguration.swift,
				AgentOrchestration/Validation/ValidationResult.swift,
				AgentOrchestration/Validation/ValidationRule.swift,
				AgentOrchestration/Validation/ValidationRunner.swift,
				AgentOrchestration/WorkspaceManager.swift,
				Applications/ActivityDashboardView.swift,
				Applications/AgentReviewSheet.swift,
				Applications/Agents/Chains/ChainDetailView.swift,
				Applications/Agents/Chains/ConflictResolutionView.swift,
				Applications/Agents/Chains/SaveTemplateSheet.swift,
				Applications/Agents/Chat/LocalChatView.swift,
				Applications/Agents/Docling/DoclingImportFormView.swift,
				Applications/Agents/Docling/DoclingImportView.swift,
				Applications/Agents/Docling/DoclingSetupView.swift,
				Applications/Agents/Docling/DoclingValidationView.swift,
				Applications/Agents/LiveStatusPanel.swift,
				Applications/Agents/PIIScrubberView.swift,
				Applications/Agents/Policy/PolicyDiffView.swift,
				Applications/Agents/Policy/PolicyImportPreviewSheet.swift,
				Applications/Agents/Policy/TranslationValidationView.swift,
				Applications/Agents/Worktrees/ParallelWorktreeDashboardView.swift,
				Applications/Agents/Worktrees/WorktreesView.swift,
				Applications/Brew_RootView.swift,
				Applications/Git_RootView.swift,
				Applications/Github_RootView.swift,
				Applications/PRReviewQueueView.swift,
				Applications/RepoDetailRAGTabView.swift,
				Applications/Repositories_RootView.swift,
				Applications/TrackedReposView.swift,
				Applications/WorktreeApprovalViews.swift,
				CommonToolbarItems.swift,
				Distributed/BonjourDiscoveryService.swift,
				Distributed/BranchQueue.swift,
				Distributed/DistributedTypes.swift,
				Distributed/FirebaseService.swift,
				Distributed/FirebaseServiceTypes.swift,
				Distributed/PRQueue.swift,
				Distributed/PeerConnectionManager.swift,
				Distributed/PeerSession.swift,
				Distributed/PeerSessionManager.swift,
				Distributed/PersistenceWriter.swift,
				Distributed/RAGArtifactSyncing.swift,

				Distributed/SwarmCoordinator.swift,
				Distributed/SwarmPeerPreferences.swift,
				Distributed/SwarmStatusView.swift,
				Distributed/SwarmTaskOutputSheet.swift,
				Distributed/SwarmWorktreeManager.swift,
				Distributed/WANAddressResolver.swift,
				Distributed/WebRTCMCPTransport.swift,
				Distributed/WorkerMode.swift,
				MCPCoreTypeAliases.swift,
				PeelApp.swift,
				Services/ActivityFeed.swift,
				Services/ChainSchedulerService.swift,
				Services/AppResetService.swift,
				Services/BranchIndexService.swift,
				Services/ChromeSessionManager.swift,
				Services/DevServerManager.swift,
				Services/DoclingService.swift,
				Services/GateAgent.swift,
				Services/HFReranker.swift,
				Services/LocalRAGEmbeddings.swift,
				Services/LocalRRFMerger.swift,
				Services/MCPLogService.swift,
				Services/MLXChatService.swift,
				Services/MLXCodeAnalyzer.swift,
				Services/MLXCodeEditor.swift,
				Services/MLXEmbeddingProvider.swift,
				Services/PIIScrubberService.swift,
				Services/ParallelWorktreeRunner.swift,
				Services/PeonPingService.swift,
				Services/RAGIndexVersionService.swift,
				Services/RAGRepoSync.swift,
				Services/RAGStoreApp.swift,
				Services/RAGSyncCoordinator.swift,
				Services/RunManager.swift,
				Services/SharedChatSession.swift,
				Services/TranslationValidatorService.swift,
				Services/UXTestOrchestrator.swift,
				Services/VSCodeService.swift,
				Services/WorkspaceDashboardService.swift,
				Services/WorktreeErrors.swift,
				Services/WorktreePool.swift,
				Services/XcodeMCPAdapter.swift,
				Utilities/FolderPicker.swift,
				Views/CommandPaletteView.swift,
				Views/LabsToolbarItem.swift,
				Views/ModelLabelView.swift,
				Views/PeonPingSettingsTab.swift,
				Views/SettingsView.swift,
				Views/Swarm/InvitePreviewSheet.swift,
				Views/Swarm/SwarmActivityView.swift,
				Views/Swarm/SwarmAuthView.swift,
				Views/Swarm/SwarmDetailView.swift,
				Views/Swarm/SwarmInvitesView.swift,
				Views/Swarm/SwarmManagementView.swift,
				Views/Swarm/SwarmMembersView.swift,
				Views/Swarm/SwarmSidebarView.swift,
				Views/Swarm/SwarmWorkersView.swift,
				Views/TemplateBrowserSheet.swift,
			);
			target = 04A7BD69258E77D8000E55A8 /* Peel (iOS) */;
		};
/* End PBXFileSystemSynchronizedBuildFileExceptionSet section */

/* Begin PBXFileSystemSynchronizedRootGroup section */
		0422A2DE2F2AD1E500186BBF /* Tools */ = {isa = PBXFileSystemSynchronizedRootGroup; explicitFileTypes = {}; explicitFolders = (); path = Tools; sourceTree = "<group>"; };
		042793A42F0DEAE7002A5499 /* Plans */ = {isa = PBXFileSystemSynchronizedRootGroup; explicitFileTypes = {}; explicitFolders = (); path = Plans; sourceTree = "<group>"; };
		04913BB52F0F4ED7001EF810 /* Shared */ = {isa = PBXFileSystemSynchronizedRootGroup; exceptions = (04913BD12F0F4ED7001EF810 /* PBXFileSystemSynchronizedBuildFileExceptionSet */, ); explicitFileTypes = {}; explicitFolders = (Resources/Sounds, ); path = Shared; sourceTree = "<group>"; };
/* End PBXFileSystemSynchronizedRootGroup section */

/* Begin PBXFrameworksBuildPhase section */
		04A7BD67258E77D8000E55A8 /* Frameworks */ = {
			isa = PBXFrameworksBuildPhase;
			buildActionMask = 2147483647;
			files = (
				046D40E426C56BBB003715AF /* OAuthSwift in Frameworks */,
				046D40E726C56C5B003715AF /* Github in Frameworks */,
				040AAB7E26CB385800DE1CBF /* Git in Frameworks */,
			);
			runOnlyForDeploymentPostprocessing = 0;
		};
		04A7BD6F258E77D8000E55A8 /* Frameworks */ = {
			isa = PBXFrameworksBuildPhase;
			buildActionMask = 2147483647;
			files = (
				04503C3B2F3FCA8400BA3223 /* MCPCore in Frameworks */,
				04503C3A2F3FCA8400BA3223 /* RAGCore in Frameworks */,
				04503C392F3FCA8400BA3223 /* MCPCore in Frameworks */,
				04PIISCR2F2E000100000002 /* PIIScrubber in Frameworks */,
				03MLXEMB2F2B000100000001 /* MLXEmbedders in Frameworks */,
				03MLXLLM2F30000100000001 /* MLXLLM in Frameworks */,
				03MLXLMC2F30000100000001 /* MLXLMCommon in Frameworks */,
				03MLXAUD2F70000100000001 /* MLXAudioCore in Frameworks */,
				03MLXAUD2F70000200000001 /* MLXAudioTTS in Frameworks */,
				03MLXAUD2F70000300000001 /* MLXAudioSTT in Frameworks */,
				03BPETOK2F2A000100000001 /* SwiftBPETokenizer in Frameworks */,
				04A2364C2F2E34510055F436 /* FirebaseFirestore in Frameworks */,
				048086662A2D21E500536A3E /* Brew in Frameworks */,
				04510A582A2D200C001DEF5B /* Github in Frameworks */,
				04A2364A2F2E34510055F436 /* FirebaseAuth in Frameworks */,
				04A2364E2F2E34510055F436 /* FirebaseFunctions in Frameworks */,
				046C6AB02F1BE07D006CDAC7 /* TaskRunner in Frameworks */,
				04A236482F2E34510055F436 /* FirebaseAppCheck in Frameworks */,
				04D09EFD26A85E8100072702 /* OAuthSwift in Frameworks */,
				04WEBRTC2F60000100000001 /* WebRTCTransfer in Frameworks */,
			);
			runOnlyForDeploymentPostprocessing = 0;
		};
		04A7BD77258E77D8000E55A8 /* Frameworks */ = {
			isa = PBXFrameworksBuildPhase;
			buildActionMask = 2147483647;
			files = (
			);
			runOnlyForDeploymentPostprocessing = 0;
		};
		04A7BD82258E77D8000E55A8 /* Frameworks */ = {
			isa = PBXFrameworksBuildPhase;
			buildActionMask = 2147483647;
			files = (
			);
			runOnlyForDeploymentPostprocessing = 0;
		};
/* End PBXFrameworksBuildPhase section */

/* Begin PBXGroup section */
		042D2CC32891E44100E162D3 /* Packages */ = {
			isa = PBXGroup;
			children = (
				048086642A2D21A300536A3E /* Brew */,
				04510A5E2A2D20F1001DEF5B /* Git */,
				04F582A6269FD388003A8403 /* Github */,
				04PEELUI2F2E000100000001 /* PeelUI */,
				04PIISCR2F2E000100000001 /* PIIScrubber */,
			);
			name = Packages;
			sourceTree = "<group>";
		};
		0467868025A0DBE400D5E87F /* Frameworks */ = {
			isa = PBXGroup;
			children = (
			);
			name = Frameworks;
			sourceTree = "<group>";
		};
		04A7BD5D258E77D7000E55A8 = {
			isa = PBXGroup;
			children = (
				04ASTCLI2F3B000100000002 /* ast-chunker-cli */,
				042793A42F0DEAE7002A5499 /* Plans */,
				042D2CC32891E44100E162D3 /* Packages */,
				043A532125998D1E00980BE2 /* README.md */,
				04913BB52F0F4ED7001EF810 /* Shared */,
				04F4F9772596AAD7005B30B4 /* Peel.entitlements */,
				04A7BD6C258E77D8000E55A8 /* iOS */,
				04A7BD73258E77D8000E55A8 /* macOS */,
				04A7BD7D258E77D8000E55A8 /* Tests iOS */,
				04A7BD88258E77D8000E55A8 /* Tests macOS */,
				04A7BD6B258E77D8000E55A8 /* Products */,
				0467868025A0DBE400D5E87F /* Frameworks */,
				0422A2DE2F2AD1E500186BBF /* Tools */,
			);
			sourceTree = "<group>";
		};
		04A7BD6B258E77D8000E55A8 /* Products */ = {
			isa = PBXGroup;
			children = (
				04A7BD6A258E77D8000E55A8 /* Peel.app */,
				04A7BD72258E77D8000E55A8 /* Peel.app */,
				04A7BD7A258E77D8000E55A8 /* Tests iOS.xctest */,
				04A7BD85258E77D8000E55A8 /* Tests macOS.xctest */,
			);
			name = Products;
			sourceTree = "<group>";
		};
		04A7BD6C258E77D8000E55A8 /* iOS */ = {
			isa = PBXGroup;
			children = (
				04A7BD6D258E77D8000E55A8 /* Info.plist */,
				0A11B6D02F1234567890ABCD /* PeelApp_iOS.swift */,
				048F40F72853ED060007A9A4 /* ContentView.swift */,
			);
			path = iOS;
			sourceTree = "<group>";
		};
		04A7BD73258E77D8000E55A8 /* macOS */ = {
			isa = PBXGroup;
			children = (
				04A7BD64258E77D7000E55A8 /* ContentView.swift */,
				04A7BD74258E77D8000E55A8 /* Info.plist */,
				04A7BD75258E77D8000E55A8 /* macOS.entitlements */,
			);
			path = macOS;
			sourceTree = "<group>";
		};
		04A7BD7D258E77D8000E55A8 /* Tests iOS */ = {
			isa = PBXGroup;
			children = (
				04A7BD7E258E77D8000E55A8 /* Tests_iOS.swift */,
				04A7BD80258E77D8000E55A8 /* Info.plist */,
			);
			path = "Tests iOS";
			sourceTree = "<group>";
		};
		04A7BD88258E77D8000E55A8 /* Tests macOS */ = {
			isa = PBXGroup;
			children = (
				04A7BD89258E77D8000E55A8 /* Tests_macOS.swift */,
				0B1E3C9B2FABCDEF00112233 /* DataServiceTests.swift */,
				0C2A4B5D2D000001000E55A8 /* RAGStoreTests.swift */,
				E1A1B2C22F800001000E55A8 /* RAGRepoSyncTests.swift */,
				0CVM000001000002000E55A8 /* VMIntegrationTests.swift */,
				0C2A4B5F2D000002000E55A8 /* MCPRAGToolsTests.swift */,
				0C2A4B612D000003000E55A8 /* UtilitiesTests.swift */,
				0C2A4B652D000005000E55A8 /* DoclingValidationTests.swift */,
				AA299ROUTE2F5A000100000002 /* ParallelRoutingTests.swift */,
				BB1TRACK2F6B000100000002 /* TrackedRemoteRepoTests.swift */,
				04A7BD8B258E77D8000E55A8 /* Info.plist */,
				D1EDC3CED1C274FD0649E03C /* ValidationTests.swift */,
			);
			path = "Tests macOS";
			sourceTree = "<group>";
		};
/* End PBXGroup section */

/* Begin PBXNativeTarget section */
		04A7BD69258E77D8000E55A8 /* Peel (iOS) */ = {
			isa = PBXNativeTarget;
			buildConfigurationList = 04A7BD94258E77D8000E55A8 /* Build configuration list for PBXNativeTarget "Peel (iOS)" */;
			buildPhases = (
				04A7BD66258E77D8000E55A8 /* Sources */,
				04A7BD67258E77D8000E55A8 /* Frameworks */,
				04A7BD68258E77D8000E55A8 /* Resources */,
				04GITSHA2F5A000100000001 /* Stamp Git Commit Hash */,
				04FBPLIST2F4A000100000001 /* Copy Firebase Config */,
			);
			buildRules = (
			);
			dependencies = (
			);
			fileSystemSynchronizedGroups = (
				04913BB52F0F4ED7001EF810 /* Shared */,
			);
			name = "Peel (iOS)";
			packageProductDependencies = (
				046D40E326C56BBB003715AF /* OAuthSwift */,
				046D40E626C56C5B003715AF /* Github */,
				040AAB7D26CB385800DE1CBF /* Git */,
			);
			productName = "Peel (iOS)";
			productReference = 04A7BD6A258E77D8000E55A8 /* Peel.app */;
			productType = "com.apple.product-type.application";
		};
		04A7BD71258E77D8000E55A8 /* Peel (macOS) */ = {
			isa = PBXNativeTarget;
			buildConfigurationList = 04A7BD97258E77D8000E55A8 /* Build configuration list for PBXNativeTarget "Peel (macOS)" */;
			buildPhases = (
				04ASTBLD2F3B000100000004 /* Build ast-chunker-cli */,
				04WEBRTC2F7B000100000001 /* Patch WebRTC Headers */,
				04A7BD6E258E77D8000E55A8 /* Sources */,
				04A7BD6F258E77D8000E55A8 /* Frameworks */,
				04A7BD70258E77D8000E55A8 /* Resources */,
				04ASTCLI2F3B000100000003 /* CopyFiles */,
				04GITSHA2F5A000100000001 /* Stamp Git Commit Hash */,
				04FBPLIST2F4A000100000001 /* Copy Firebase Config */,
			);
			buildRules = (
			);
			dependencies = (
			);
			fileSystemSynchronizedGroups = (
				04913BB52F0F4ED7001EF810 /* Shared */,
			);
			name = "Peel (macOS)";
			packageProductDependencies = (
				04D09EFC26A85E8100072702 /* OAuthSwift */,
				04510A572A2D200C001DEF5B /* Github */,
				048086652A2D21E500536A3E /* Brew */,
				046C6AAF2F1BE07D006CDAC7 /* TaskRunner */,
				03BPETOK2F2A000100000002 /* SwiftBPETokenizer */,
				03MLXEMB2F2B000100000002 /* MLXEmbedders */,
				03MLXLLM2F30000100000002 /* MLXLLM */,
				03MLXLMC2F30000100000002 /* MLXLMCommon */,
				03MLXAUD2F70000100000002 /* MLXAudioCore */,
				03MLXAUD2F70000200000002 /* MLXAudioTTS */,
				03MLXAUD2F70000300000002 /* MLXAudioSTT */,
				04PIISCR2F2E000100000003 /* PIIScrubber */,
				04MCPCOR2F2E000100000004 /* MCPCore */,
				04A236472F2E34510055F436 /* FirebaseAppCheck */,
				04A236492F2E34510055F436 /* FirebaseAuth */,
				04A2364B2F2E34510055F436 /* FirebaseFirestore */,
				04A2364D2F2E34510055F436 /* FirebaseFunctions */,
				04RAGCOR2F3C000100000003 /* RAGCore */,
				04MCPCOR2F2E000100000004 /* MCPCore */,
				04WEBRTC2F60000100000002 /* WebRTCTransfer */,
			);
			productName = "Peel (macOS)";
			productReference = 04A7BD72258E77D8000E55A8 /* Peel.app */;
			productType = "com.apple.product-type.application";
		};
		04A7BD79258E77D8000E55A8 /* Tests iOS */ = {
			isa = PBXNativeTarget;
			buildConfigurationList = 04A7BD9A258E77D8000E55A8 /* Build configuration list for PBXNativeTarget "Tests iOS" */;
			buildPhases = (
				04A7BD76258E77D8000E55A8 /* Sources */,
				04A7BD77258E77D8000E55A8 /* Frameworks */,
				04A7BD78258E77D8000E55A8 /* Resources */,
			);
			buildRules = (
			);
			dependencies = (
				04A7BD7C258E77D8000E55A8 /* PBXTargetDependency */,
			);
			name = "Tests iOS";
			productName = "Tests iOS";
			productReference = 04A7BD7A258E77D8000E55A8 /* Tests iOS.xctest */;
			productType = "com.apple.product-type.bundle.ui-testing";
		};
		04A7BD84258E77D8000E55A8 /* Tests macOS */ = {
			isa = PBXNativeTarget;
			buildConfigurationList = 04A7BD9D258E77D8000E55A8 /* Build configuration list for PBXNativeTarget "Tests macOS" */;
			buildPhases = (
				04A7BD81258E77D8000E55A8 /* Sources */,
				04A7BD82258E77D8000E55A8 /* Frameworks */,
				04A7BD83258E77D8000E55A8 /* Resources */,
			);
			buildRules = (
			);
			dependencies = (
				04A7BD87258E77D8000E55A8 /* PBXTargetDependency */,
			);
			name = "Tests macOS";
			productName = "Tests macOS";
			productReference = 04A7BD85258E77D8000E55A8 /* Tests macOS.xctest */;
			productType = "com.apple.product-type.bundle.unit-test";
		};
/* End PBXNativeTarget section */

/* Begin PBXProject section */
		04A7BD5E258E77D7000E55A8 /* Project object */ = {
			isa = PBXProject;
			attributes = {
				BuildIndependentTargetsInParallel = YES;
				LastSwiftUpdateCheck = 1230;
				LastUpgradeCheck = 2620;
				TargetAttributes = {
					04A7BD69258E77D8000E55A8 = {
						CreatedOnToolsVersion = 12.3;
					};
					04A7BD71258E77D8000E55A8 = {
						CreatedOnToolsVersion = 12.3;
					};
					04A7BD79258E77D8000E55A8 = {
						CreatedOnToolsVersion = 12.3;
						TestTargetID = 04A7BD69258E77D8000E55A8;
					};
					04A7BD84258E77D8000E55A8 = {
						CreatedOnToolsVersion = 12.3;
						TestTargetID = 04A7BD71258E77D8000E55A8;
					};
				};
			};
			buildConfigurationList = 04A7BD61258E77D7000E55A8 /* Build configuration list for PBXProject "Peel" */;
			compatibilityVersion = "Xcode 14.0";
			developmentRegion = en;
			hasScannedForEncodings = 0;
			knownRegions = (
				en,
				Base,
			);
			mainGroup = 04A7BD5D258E77D7000E55A8;
			packageReferences = (
				04DD2F49269E6AED000994E1 /* XCRemoteSwiftPackageReference "OAuthSwift" */,
				046C6AAE2F1BE07D006CDAC7 /* XCRemoteSwiftPackageReference "TaskRunner" */,
				03BPETOK2F2A000100000003 /* XCRemoteSwiftPackageReference "swift-bpe-tokenizer" */,
				03MLXEMB2F2B000100000003 /* XCRemoteSwiftPackageReference "mlx-swift-lm" */,
				03MLXAUD2F70000100000003 /* XCRemoteSwiftPackageReference "mlx-audio-swift" */,
				04REMPKG0002000000000001 /* XCRemoteSwiftPackageReference "MCPCore" */,
				04REMPKG0003000000000001 /* XCRemoteSwiftPackageReference "RAGCore" */,
				04LOCPKG0003000000000001 /* XCLocalSwiftPackageReference "Local Packages/PeelUI" */,
				04LOCPKG0004000000000001 /* XCLocalSwiftPackageReference "Local Packages/Git" */,
				04LOCPKG0005000000000001 /* XCLocalSwiftPackageReference "Local Packages/Github" */,
				04LOCPKG0006000000000001 /* XCLocalSwiftPackageReference "Local Packages/Brew" */,
				04LOCPKG0007000000000001 /* XCLocalSwiftPackageReference "Local Packages/PIIScrubber" */,
				04LOCPKG0009000000000001 /* XCLocalSwiftPackageReference "Local Packages/WebRTCTransfer" */,
				04A236462F2E34510055F436 /* XCRemoteSwiftPackageReference "firebase-ios-sdk" */,
			);
			productRefGroup = 04A7BD6B258E77D8000E55A8 /* Products */;
			projectDirPath = "";
			projectRoot = "";
			targets = (
				04A7BD71258E77D8000E55A8 /* Peel (macOS) */,
				04A7BD69258E77D8000E55A8 /* Peel (iOS) */,
				04A7BD79258E77D8000E55A8 /* Tests iOS */,
				04A7BD84258E77D8000E55A8 /* Tests macOS */,
			);
		};
/* End PBXProject section */

/* Begin PBXResourcesBuildPhase section */
		04A7BD68258E77D8000E55A8 /* Resources */ = {
			isa = PBXResourcesBuildPhase;
			buildActionMask = 2147483647;
			files = (
			);
			runOnlyForDeploymentPostprocessing = 0;
		};
		04A7BD70258E77D8000E55A8 /* Resources */ = {
			isa = PBXResourcesBuildPhase;
			buildActionMask = 2147483647;
			files = (
			);
			runOnlyForDeploymentPostprocessing = 0;
		};
		04A7BD78258E77D8000E55A8 /* Resources */ = {
			isa = PBXResourcesBuildPhase;
			buildActionMask = 2147483647;
			files = (
			);
			runOnlyForDeploymentPostprocessing = 0;
		};
		04A7BD83258E77D8000E55A8 /* Resources */ = {
			isa = PBXResourcesBuildPhase;
			buildActionMask = 2147483647;
			files = (
			);
			runOnlyForDeploymentPostprocessing = 0;
		};
/* End PBXResourcesBuildPhase section */

/* Begin PBXShellScriptBuildPhase section */
		04WEBRTC2F7B000100000001 /* Patch WebRTC Headers */ = {
			isa = PBXShellScriptBuildPhase;
			alwaysOutOfDate = 1;
			buildActionMask = 2147483647;
			files = (
			);
			inputFileListPaths = (
			);
			inputPaths = (
				"$(PROJECT_DIR)/Tools/patch-webrtc-headers.sh",
			);
			name = "Patch WebRTC Headers";
			outputFileListPaths = (
			);
			outputPaths = (
			);
			runOnlyForDeploymentPostprocessing = 0;
			shellPath = /bin/zsh;
			shellScript = "# Patch WebRTC xcframework macOS headers (stasel/WebRTC has broken macOS slice)\nDERIVED_DATA=\"${BUILD_DIR}/../..\"\n\"${PROJECT_DIR}/Tools/patch-webrtc-headers.sh\" \"${DERIVED_DATA}\"\n";
		};
		04ASTBLD2F3B000100000004 /* Build ast-chunker-cli */ = {
			isa = PBXShellScriptBuildPhase;
			buildActionMask = 2147483647;
			files = (
			);
			inputFileListPaths = (
			);
			inputPaths = (
			);
			name = "Build ast-chunker-cli";
			outputFileListPaths = (
			);
			outputPaths = (
				"$(SRCROOT)/Tools/Binaries/ast-chunker-cli",
			);
			runOnlyForDeploymentPostprocessing = 0;
			shellPath = /bin/zsh;
			shellScript = "set -e\nBINARY=\"${PROJECT_DIR}/Tools/Binaries/ast-chunker-cli\"\nCACHE_DIR=\"${PROJECT_DIR}/.build/ast-chunker-checkout\"\nREPO_URL=\"https://github.com/crunchybananas/ast-chunker.git\"\n\nmkdir -p \"${PROJECT_DIR}/Tools/Binaries\"\n\n# Clone or update the repo\nif [ ! -d \"$CACHE_DIR/.git\" ]; then\n    echo \"Cloning ast-chunker...\"\n    git clone --depth 1 \"$REPO_URL\" \"$CACHE_DIR\"\nelse\n    echo \"Updating ast-chunker...\"\n    cd \"$CACHE_DIR\" && git pull --ff-only 2>/dev/null || true\nfi\n\ncd \"$CACHE_DIR\"\n\n# Check if rebuild needed\nif [ ! -f \"$BINARY\" ] || [ -n \"$(find Sources -newer \"$BINARY\" -type f -name '*.swift' 2>/dev/null)\" ]; then\n    echo \"Building ast-chunker-cli...\"\n    swift build -c release --product ast-chunker-cli\n    cp \".build/release/ast-chunker-cli\" \"$BINARY\"\n    echo \"ast-chunker-cli built successfully\"\nelse\n    echo \"ast-chunker-cli is up to date\"\nfi\n";
		};
		04GITSHA2F5A000100000001 /* Stamp Git Commit Hash */ = {
			isa = PBXShellScriptBuildPhase;
			alwaysOutOfDate = 1;
			buildActionMask = 2147483647;
			files = (
			);
			inputFileListPaths = (
			);
			inputPaths = (
			);
			name = "Stamp Git Commit Hash";
			outputFileListPaths = (
			);
			outputPaths = (
			);
			runOnlyForDeploymentPostprocessing = 0;
			shellPath = /bin/zsh;
			shellScript = "# Stamp the git commit hash into the built Info.plist\nGIT_HASH=$(git -C \"${PROJECT_DIR}\" rev-parse --short HEAD 2>/dev/null || echo \"unknown\")\nINFO_PLIST=\"${TARGET_BUILD_DIR}/${INFOPLIST_PATH}\"\nif [ -f \"$INFO_PLIST\" ]; then\n  /usr/libexec/PlistBuddy -c \"Set :PeelGitCommitHash $GIT_HASH\" \"$INFO_PLIST\" 2>/dev/null || \\\n    /usr/libexec/PlistBuddy -c \"Add :PeelGitCommitHash string $GIT_HASH\" \"$INFO_PLIST\"\n  echo \"Stamped git hash: $GIT_HASH\"\nfi\n";
		};
		04FBPLIST2F4A000100000001 /* Copy Firebase Config */ = {
			isa = PBXShellScriptBuildPhase;
			alwaysOutOfDate = 1;
			buildActionMask = 2147483647;
			files = (
			);
			inputFileListPaths = (
			);
			inputPaths = (
				"$(PROJECT_DIR)/GoogleService-Info.plist",
				"$(PROJECT_DIR)/GoogleService-Info.template.plist",
			);
			name = "Copy Firebase Config";
			outputFileListPaths = (
			);
			outputPaths = (
				"$(TARGET_BUILD_DIR)/$(UNLOCALIZED_RESOURCES_FOLDER_PATH)/GoogleService-Info.plist",
			);
			runOnlyForDeploymentPostprocessing = 0;
			shellPath = /bin/zsh;
			shellScript = "REAL=\"${PROJECT_DIR}/GoogleService-Info.plist\"\nTEMPLATE=\"${PROJECT_DIR}/GoogleService-Info.template.plist\"\nDEST=\"${TARGET_BUILD_DIR}/${UNLOCALIZED_RESOURCES_FOLDER_PATH}/GoogleService-Info.plist\"\n\nif [ -f \"$REAL\" ]; then\n  echo \"Copying real GoogleService-Info.plist\"\n  cp \"$REAL\" \"$DEST\"\nelif [ -f \"$TEMPLATE\" ]; then\n  echo \"Copying template GoogleService-Info.plist (Firebase will run in placeholder mode)\"\n  cp \"$TEMPLATE\" \"$DEST\"\nelse\n  echo \"warning: No GoogleService-Info.plist or template found — Firebase disabled\"\nfi\n";
		};
/* End PBXShellScriptBuildPhase section */

/* Begin PBXSourcesBuildPhase section */
		04A7BD66258E77D8000E55A8 /* Sources */ = {
			isa = PBXSourcesBuildPhase;
			buildActionMask = 2147483647;
			files = (
				0A11B6D12F1234567890ABCD /* PeelApp_iOS.swift in Sources */,
				048F40F82853ED470007A9A4 /* ContentView.swift in Sources */,
			);
			runOnlyForDeploymentPostprocessing = 0;
		};
		04A7BD6E258E77D8000E55A8 /* Sources */ = {
			isa = PBXSourcesBuildPhase;
			buildActionMask = 2147483647;
			files = (
				04A7BD8F258E77D8000E55A8 /* ContentView.swift in Sources */,
			);
			runOnlyForDeploymentPostprocessing = 0;
		};
		04A7BD76258E77D8000E55A8 /* Sources */ = {
			isa = PBXSourcesBuildPhase;
			buildActionMask = 2147483647;
			files = (
				04A7BD7F258E77D8000E55A8 /* Tests_iOS.swift in Sources */,
			);
			runOnlyForDeploymentPostprocessing = 0;
		};
		04A7BD81258E77D8000E55A8 /* Sources */ = {
			isa = PBXSourcesBuildPhase;
			buildActionMask = 2147483647;
			files = (
				04A7BD8A258E77D8000E55A8 /* Tests_macOS.swift in Sources */,
				0B1E3C9C2FABCDEF00112233 /* DataServiceTests.swift in Sources */,
				DD3900B27EF856FDCE71847E /* ValidationTests.swift in Sources */,
				0C2A4B5E2D000001000E55A8 /* RAGStoreTests.swift in Sources */,
				E1A1B2C32F800001000E55A8 /* RAGRepoSyncTests.swift in Sources */,
				0CVM000001000001000E55A8 /* VMIntegrationTests.swift in Sources */,
				0C2A4B602D000002000E55A8 /* MCPRAGToolsTests.swift in Sources */,
				0C2A4B622D000003000E55A8 /* UtilitiesTests.swift in Sources */,
				0C2A4B662D000005000E55A8 /* DoclingValidationTests.swift in Sources */,
				AA299ROUTE2F5A000100000001 /* ParallelRoutingTests.swift in Sources */,
				BB1TRACK2F6B000100000001 /* TrackedRemoteRepoTests.swift in Sources */,
			);
			runOnlyForDeploymentPostprocessing = 0;
		};
/* End PBXSourcesBuildPhase section */

/* Begin PBXTargetDependency section */
		04A7BD7C258E77D8000E55A8 /* PBXTargetDependency */ = {
			isa = PBXTargetDependency;
			target = 04A7BD69258E77D8000E55A8 /* Peel (iOS) */;
			targetProxy = 04A7BD7B258E77D8000E55A8 /* PBXContainerItemProxy */;
		};
		04A7BD87258E77D8000E55A8 /* PBXTargetDependency */ = {
			isa = PBXTargetDependency;
			target = 04A7BD71258E77D8000E55A8 /* Peel (macOS) */;
			targetProxy = 04A7BD86258E77D8000E55A8 /* PBXContainerItemProxy */;
		};
/* End PBXTargetDependency section */

/* Begin XCBuildConfiguration section */
		04A7BD92258E77D8000E55A8 /* Debug */ = {
			isa = XCBuildConfiguration;
			buildSettings = {
				ALWAYS_SEARCH_USER_PATHS = NO;
				CLANG_ANALYZER_NONNULL = YES;
				CLANG_ANALYZER_NUMBER_OBJECT_CONVERSION = YES_AGGRESSIVE;
				CLANG_CXX_LANGUAGE_STANDARD = "gnu++14";
				CLANG_CXX_LIBRARY = "libc++";
				CLANG_ENABLE_MODULES = YES;
				CLANG_ENABLE_OBJC_ARC = YES;
				CLANG_ENABLE_OBJC_WEAK = YES;
				CLANG_WARN_BLOCK_CAPTURE_AUTORELEASING = YES;
				CLANG_WARN_BOOL_CONVERSION = YES;
				CLANG_WARN_COMMA = YES;
				CLANG_WARN_CONSTANT_CONVERSION = YES;
				CLANG_WARN_DEPRECATED_OBJC_IMPLEMENTATIONS = YES;
				CLANG_WARN_DIRECT_OBJC_ISA_USAGE = YES_ERROR;
				CLANG_WARN_DOCUMENTATION_COMMENTS = YES;
				CLANG_WARN_EMPTY_BODY = YES;
				CLANG_WARN_ENUM_CONVERSION = YES;
				CLANG_WARN_INFINITE_RECURSION = YES;
				CLANG_WARN_INT_CONVERSION = YES;
				CLANG_WARN_NON_LITERAL_NULL_CONVERSION = YES;
				CLANG_WARN_OBJC_IMPLICIT_RETAIN_SELF = YES;
				CLANG_WARN_OBJC_LITERAL_CONVERSION = YES;
				CLANG_WARN_OBJC_ROOT_CLASS = YES_ERROR;
				CLANG_WARN_QUOTED_INCLUDE_IN_FRAMEWORK_HEADER = YES;
				CLANG_WARN_RANGE_LOOP_ANALYSIS = YES;
				CLANG_WARN_STRICT_PROTOTYPES = YES;
				CLANG_WARN_SUSPICIOUS_MOVE = YES;
				CLANG_WARN_UNGUARDED_AVAILABILITY = YES_AGGRESSIVE;
				CLANG_WARN_UNREACHABLE_CODE = YES;
				CLANG_WARN__DUPLICATE_METHOD_MATCH = YES;
				COPY_PHASE_STRIP = NO;
				DEAD_CODE_STRIPPING = YES;
				DEBUG_INFORMATION_FORMAT = dwarf;
				DEVELOPMENT_TEAM = UNX9FJDDXV;
				ENABLE_STRICT_OBJC_MSGSEND = YES;
				ENABLE_TESTABILITY = YES;
				ENABLE_USER_SCRIPT_SANDBOXING = NO;
				GCC_C_LANGUAGE_STANDARD = gnu11;
				GCC_DYNAMIC_NO_PIC = NO;
				GCC_NO_COMMON_BLOCKS = YES;
				GCC_OPTIMIZATION_LEVEL = 0;
				GCC_PREPROCESSOR_DEFINITIONS = (
					"DEBUG=1",
					"$(inherited)",
				);
				GCC_WARN_64_TO_32_BIT_CONVERSION = YES;
				GCC_WARN_ABOUT_RETURN_TYPE = YES_ERROR;
				GCC_WARN_UNDECLARED_SELECTOR = YES;
				GCC_WARN_UNINITIALIZED_AUTOS = YES_AGGRESSIVE;
				GCC_WARN_UNUSED_FUNCTION = YES;
				GCC_WARN_UNUSED_VARIABLE = YES;
				MTL_ENABLE_DEBUG_INFO = INCLUDE_SOURCE;
				MTL_FAST_MATH = YES;
				ONLY_ACTIVE_ARCH = YES;
				STRING_CATALOG_GENERATE_SYMBOLS = YES;
				SWIFT_ACTIVE_COMPILATION_CONDITIONS = DEBUG;
				SWIFT_OPTIMIZATION_LEVEL = "-Onone";
			};
			name = Debug;
		};
		04A7BD93258E77D8000E55A8 /* Release */ = {
			isa = XCBuildConfiguration;
			buildSettings = {
				ALWAYS_SEARCH_USER_PATHS = NO;
				CLANG_ANALYZER_NONNULL = YES;
				CLANG_ANALYZER_NUMBER_OBJECT_CONVERSION = YES_AGGRESSIVE;
				CLANG_CXX_LANGUAGE_STANDARD = "gnu++14";
				CLANG_CXX_LIBRARY = "libc++";
				CLANG_ENABLE_MODULES = YES;
				CLANG_ENABLE_OBJC_ARC = YES;
				CLANG_ENABLE_OBJC_WEAK = YES;
				CLANG_WARN_BLOCK_CAPTURE_AUTORELEASING = YES;
				CLANG_WARN_BOOL_CONVERSION = YES;
				CLANG_WARN_COMMA = YES;
				CLANG_WARN_CONSTANT_CONVERSION = YES;
				CLANG_WARN_DEPRECATED_OBJC_IMPLEMENTATIONS = YES;
				CLANG_WARN_DIRECT_OBJC_ISA_USAGE = YES_ERROR;
				CLANG_WARN_DOCUMENTATION_COMMENTS = YES;
				CLANG_WARN_EMPTY_BODY = YES;
				CLANG_WARN_ENUM_CONVERSION = YES;
				CLANG_WARN_INFINITE_RECURSION = YES;
				CLANG_WARN_INT_CONVERSION = YES;
				CLANG_WARN_NON_LITERAL_NULL_CONVERSION = YES;
				CLANG_WARN_OBJC_IMPLICIT_RETAIN_SELF = YES;
				CLANG_WARN_OBJC_LITERAL_CONVERSION = YES;
				CLANG_WARN_OBJC_ROOT_CLASS = YES_ERROR;
				CLANG_WARN_QUOTED_INCLUDE_IN_FRAMEWORK_HEADER = YES;
				CLANG_WARN_RANGE_LOOP_ANALYSIS = YES;
				CLANG_WARN_STRICT_PROTOTYPES = YES;
				CLANG_WARN_SUSPICIOUS_MOVE = YES;
				CLANG_WARN_UNGUARDED_AVAILABILITY = YES_AGGRESSIVE;
				CLANG_WARN_UNREACHABLE_CODE = YES;
				CLANG_WARN__DUPLICATE_METHOD_MATCH = YES;
				COPY_PHASE_STRIP = NO;
				DEAD_CODE_STRIPPING = YES;
				DEBUG_INFORMATION_FORMAT = "dwarf-with-dsym";
				DEVELOPMENT_TEAM = UNX9FJDDXV;
				ENABLE_NS_ASSERTIONS = NO;
				ENABLE_STRICT_OBJC_MSGSEND = YES;
				ENABLE_USER_SCRIPT_SANDBOXING = NO;
				GCC_C_LANGUAGE_STANDARD = gnu11;
				GCC_NO_COMMON_BLOCKS = YES;
				GCC_WARN_64_TO_32_BIT_CONVERSION = YES;
				GCC_WARN_ABOUT_RETURN_TYPE = YES_ERROR;
				GCC_WARN_UNDECLARED_SELECTOR = YES;
				GCC_WARN_UNINITIALIZED_AUTOS = YES_AGGRESSIVE;
				GCC_WARN_UNUSED_FUNCTION = YES;
				GCC_WARN_UNUSED_VARIABLE = YES;
				MTL_ENABLE_DEBUG_INFO = NO;
				MTL_FAST_MATH = YES;
				STRING_CATALOG_GENERATE_SYMBOLS = YES;
				SWIFT_COMPILATION_MODE = wholemodule;
				SWIFT_OPTIMIZATION_LEVEL = "-O";
			};
			name = Release;
		};
		04A7BD95258E77D8000E55A8 /* Debug */ = {
			isa = XCBuildConfiguration;
			buildSettings = {
				ASSETCATALOG_COMPILER_APPICON_NAME = AppIcon;
				ASSETCATALOG_COMPILER_GLOBAL_ACCENT_COLOR_NAME = AccentColor;
				CODE_SIGN_ENTITLEMENTS = Peel.entitlements;
				CODE_SIGN_IDENTITY = "Apple Development";
				CODE_SIGN_STYLE = Automatic;
				CURRENT_PROJECT_VERSION = 27;
				ENABLE_APP_SANDBOX = YES;
				ENABLE_OUTGOING_NETWORK_CONNECTIONS = YES;
				ENABLE_PREVIEWS = YES;
				EXCLUDED_SOURCE_FILE_NAMES = (
					"$(inherited)",
					Shared/AgentOrchestration/AgentManager.swift,
					Shared/AgentOrchestration/AppleAIService.swift,
					Shared/AgentOrchestration/CLIService.swift,
					Shared/AgentOrchestration/MCPTelemetryProviding.swift,
					Shared/AgentOrchestration/MCPTemplateExecutor.swift,
					Shared/AgentOrchestration/ScreenshotService.swift,
					Shared/AgentOrchestration/VMIsolationComponents.swift,
					Shared/AgentOrchestration/VMIsolationConsoleView.swift,
					Shared/AgentOrchestration/VMIsolationLinuxView.swift,
					Shared/AgentOrchestration/VMIsolationMacOSView.swift,
					Shared/AgentOrchestration/VMIsolationService.swift,
					Shared/AgentOrchestration/VMIsolationSetupView.swift,
					Shared/AgentOrchestration/VMIsolationView.swift,
					Shared/AgentOrchestration/Validation/ValidationConfiguration.swift,
					Shared/AgentOrchestration/Validation/ValidationRule.swift,
					Shared/AgentOrchestration/Validation/ValidationRunner.swift,
					Shared/AgentOrchestration/WorkspaceManager.swift,
					Shared/CommonToolbarItems.swift,
					Shared/Applications/Agents/AgentDetailView.swift,
					Shared/Applications/Agents/AgentRowView.swift,
					Shared/Applications/Agents/AgentSheets.swift,
					Shared/Applications/Agents/AgentsSidebarView.swift,
					Shared/Applications/Agents/ChainDetailView.swift,
					Shared/Applications/Agents/ChainRowViews.swift,
					Shared/Applications/Agents/DependencyGraphView.swift,
					Applications/Agents/ChainTemplateGalleryView.swift,
					Shared/Applications/Agents/LiveStatusPanel.swift,
					Shared/Applications/Agents/LocalRAGDashboardView.swift,
					Shared/Applications/Agents/LocalRAGDashboardWorkspaceSheet.swift,
					Shared/Applications/Agents/MCPDashboardView.swift,
					Shared/Applications/Agents/MCPRunDetailView.swift,
					Shared/Applications/Agents/NewChainSheet.swift,
					Shared/Applications/Agents/PIIScrubberView.swift,
					Shared/Applications/Agents/ParallelWorktreeDashboardView.swift,
					Shared/Applications/Agents/SaveTemplateSheet.swift,
					Shared/Applications/Agents/SessionSummarySheet.swift,
					Shared/Applications/Agents/TranslationValidationView.swift,
					Shared/Applications/Agents_RootView.swift,
					Shared/Applications/Brew_RootView.swift,
					Shared/Applications/Git_RootView.swift,
					Shared/Extensions/Color.swift,
					"Shared/Extensions/Int64+FormatBytes.swift",
					Shared/PeelApp.swift,
					Shared/Services/LocalRAGEmbeddings.swift,
					Shared/Services/LocalRAGIndexing.swift,
					Shared/Services/LocalRAGStore.swift,
					Shared/Services/MCPLogService.swift,
					Shared/Services/ParallelWorktreeRunner.swift,
					Shared/Services/PIIScrubberService.swift,
					Shared/Services/TranslationValidatorService.swift,
					Shared/Services/VSCodeService.swift,
					Shared/Services/WorktreeErrors.swift,
					Shared/Services/WorkspaceDashboardService.swift,
				);
				INFOPLIST_FILE = iOS/Info.plist;
				IPHONEOS_DEPLOYMENT_TARGET = 26.0;
				LD_RUNPATH_SEARCH_PATHS = (
					"$(inherited)",
					"@executable_path/Frameworks",
				);
				LIBRARY_SEARCH_PATHS = (
					"$(inherited)",
					"$(PROJECT_DIR)/Shared/Resources/sqlite-extensions",
				);
				MACOSX_DEPLOYMENT_TARGET = 26.0;
				PRODUCT_BUNDLE_IDENTIFIER = "crunchy-bananas.Peel";
				PRODUCT_NAME = Peel;
				PROVISIONING_PROFILE_SPECIFIER = "";
				SDKROOT = iphoneos;
				SUPPORTS_MACCATALYST = NO;
				SUPPORTS_MAC_DESIGNED_FOR_IPHONE_IPAD = NO;
				SWIFT_STRICT_CONCURRENCY = complete;
				SWIFT_VERSION = 6.0;
				TARGETED_DEVICE_FAMILY = "1,2";
				TVOS_DEPLOYMENT_TARGET = 26.0;
			};
			name = Debug;
		};
		04A7BD96258E77D8000E55A8 /* Release */ = {
			isa = XCBuildConfiguration;
			buildSettings = {
				ASSETCATALOG_COMPILER_APPICON_NAME = AppIcon;
				ASSETCATALOG_COMPILER_GLOBAL_ACCENT_COLOR_NAME = AccentColor;
				CODE_SIGN_ENTITLEMENTS = Peel.entitlements;
				CODE_SIGN_IDENTITY = "Apple Development";
				CODE_SIGN_STYLE = Automatic;
				CURRENT_PROJECT_VERSION = 27;
				ENABLE_APP_SANDBOX = YES;
				ENABLE_OUTGOING_NETWORK_CONNECTIONS = YES;
				ENABLE_PREVIEWS = YES;
				EXCLUDED_SOURCE_FILE_NAMES = (
					"$(inherited)",
					Shared/AgentOrchestration/AgentManager.swift,
					Shared/AgentOrchestration/AppleAIService.swift,
					Shared/AgentOrchestration/CLIService.swift,
					Shared/AgentOrchestration/MCPTelemetryProviding.swift,
					Shared/AgentOrchestration/MCPTemplateExecutor.swift,
					Shared/AgentOrchestration/ScreenshotService.swift,
					Shared/AgentOrchestration/VMIsolationComponents.swift,
					Shared/AgentOrchestration/VMIsolationConsoleView.swift,
					Shared/AgentOrchestration/VMIsolationLinuxView.swift,
					Shared/AgentOrchestration/VMIsolationMacOSView.swift,
					Shared/AgentOrchestration/VMIsolationService.swift,
					Shared/AgentOrchestration/VMIsolationSetupView.swift,
					Shared/AgentOrchestration/VMIsolationView.swift,
					Shared/AgentOrchestration/Validation/ValidationConfiguration.swift,
					Shared/AgentOrchestration/Validation/ValidationRule.swift,
					Shared/AgentOrchestration/Validation/ValidationRunner.swift,
					Shared/AgentOrchestration/WorkspaceManager.swift,
					Shared/CommonToolbarItems.swift,
					Shared/Applications/Agents/AgentDetailView.swift,
					Shared/Applications/Agents/AgentRowView.swift,
					Shared/Applications/Agents/AgentSheets.swift,
					Shared/Applications/Agents/AgentsSidebarView.swift,
					Shared/Applications/Agents/ChainDetailView.swift,
					Shared/Applications/Agents/ChainRowViews.swift,
					Shared/Applications/Agents/DependencyGraphView.swift,
					Applications/Agents/ChainTemplateGalleryView.swift,
					Shared/Applications/Agents/LiveStatusPanel.swift,
					Shared/Applications/Agents/LocalRAGDashboardView.swift,
					Shared/Applications/Agents/LocalRAGDashboardWorkspaceSheet.swift,
					Shared/Applications/Agents/MCPDashboardView.swift,
					Shared/Applications/Agents/MCPRunDetailView.swift,
					Shared/Applications/Agents/NewChainSheet.swift,
					Shared/Applications/Agents/PIIScrubberView.swift,
					Shared/Applications/Agents/ParallelWorktreeDashboardView.swift,
					Shared/Applications/Agents/SaveTemplateSheet.swift,
					Shared/Applications/Agents/SessionSummarySheet.swift,
					Shared/Applications/Agents/TranslationValidationView.swift,
					Shared/Applications/Agents_RootView.swift,
					Shared/Applications/Brew_RootView.swift,
					Shared/Applications/Git_RootView.swift,
					Shared/Extensions/Color.swift,
					"Shared/Extensions/Int64+FormatBytes.swift",
					Shared/PeelApp.swift,
					Shared/Services/LocalRAGEmbeddings.swift,
					Shared/Services/LocalRAGIndexing.swift,
					Shared/Services/LocalRAGStore.swift,
					Shared/Services/MCPLogService.swift,
					Shared/Services/ParallelWorktreeRunner.swift,
					Shared/Services/PIIScrubberService.swift,
					Shared/Services/TranslationValidatorService.swift,
					Shared/Services/VSCodeService.swift,
					Shared/Services/WorktreeErrors.swift,
					Shared/Services/WorkspaceDashboardService.swift,
				);
				INFOPLIST_FILE = iOS/Info.plist;
				IPHONEOS_DEPLOYMENT_TARGET = 26.0;
				LD_RUNPATH_SEARCH_PATHS = (
					"$(inherited)",
					"@executable_path/Frameworks",
				);
				LIBRARY_SEARCH_PATHS = (
					"$(inherited)",
					"$(PROJECT_DIR)/Shared/Resources/sqlite-extensions",
				);
				MACOSX_DEPLOYMENT_TARGET = 26.0;
				PRODUCT_BUNDLE_IDENTIFIER = "crunchy-bananas.Peel";
				PRODUCT_NAME = Peel;
				PROVISIONING_PROFILE_SPECIFIER = "";
				SDKROOT = iphoneos;
				SUPPORTS_MACCATALYST = NO;
				SUPPORTS_MAC_DESIGNED_FOR_IPHONE_IPAD = NO;
				SWIFT_STRICT_CONCURRENCY = complete;
				SWIFT_VERSION = 6.0;
				TARGETED_DEVICE_FAMILY = "1,2";
				TVOS_DEPLOYMENT_TARGET = 26.0;
				VALIDATE_PRODUCT = YES;
			};
			name = Release;
		};
		04A7BD98258E77D8000E55A8 /* Debug */ = {
			isa = XCBuildConfiguration;
			buildSettings = {
				ARCHS = "$(ARCHS_STANDARD)";
				ASSETCATALOG_COMPILER_APPICON_NAME = "AppIcon-mac";
				ASSETCATALOG_COMPILER_GLOBAL_ACCENT_COLOR_NAME = AccentColor;
				CODE_SIGN_ENTITLEMENTS = macOS/macOS.entitlements;
				CODE_SIGN_IDENTITY = "Apple Development";
				CODE_SIGN_STYLE = Automatic;
				COMBINE_HIDPI_IMAGES = YES;
				CURRENT_PROJECT_VERSION = 27;
				DEAD_CODE_STRIPPING = YES;
				DEVELOPMENT_TEAM = UNX9FJDDXV;
				ENABLE_APP_SANDBOX = NO;
				ENABLE_HARDENED_RUNTIME = YES;
				ENABLE_PREVIEWS = YES;
				EXCLUDED_ARCHS = x86_64;
				INFOPLIST_FILE = macOS/Info.plist;
				INFOPLIST_KEY_LSApplicationCategoryType = "public.app-category.developer-tools";
				LD_RUNPATH_SEARCH_PATHS = (
					"$(inherited)",
					"@executable_path/../Frameworks",
				);
				LIBRARY_SEARCH_PATHS = (
					"$(inherited)",
					"$(PROJECT_DIR)/Shared/Resources/sqlite-extensions",
				);
				MACOSX_DEPLOYMENT_TARGET = 26.0;
				PRODUCT_BUNDLE_IDENTIFIER = "crunchy-bananas.Peel";
				PRODUCT_NAME = Peel;
				PROVISIONING_PROFILE_SPECIFIER = "";
				SDKROOT = macosx;
				SWIFT_STRICT_CONCURRENCY = complete;
				SWIFT_VERSION = 6.0;
			};
			name = Debug;
		};
		04A7BD99258E77D8000E55A8 /* Release */ = {
			isa = XCBuildConfiguration;
			buildSettings = {
				ARCHS = "$(ARCHS_STANDARD)";
				ASSETCATALOG_COMPILER_APPICON_NAME = "AppIcon-mac";
				ASSETCATALOG_COMPILER_GLOBAL_ACCENT_COLOR_NAME = AccentColor;
				CODE_SIGN_ENTITLEMENTS = macOS/macOS.entitlements;
				CODE_SIGN_IDENTITY = "Apple Development";
				CODE_SIGN_STYLE = Automatic;
				COMBINE_HIDPI_IMAGES = YES;
				CURRENT_PROJECT_VERSION = 27;
				DEAD_CODE_STRIPPING = YES;
				DEVELOPMENT_TEAM = UNX9FJDDXV;
				ENABLE_APP_SANDBOX = NO;
				ENABLE_HARDENED_RUNTIME = YES;
				ENABLE_PREVIEWS = YES;
				EXCLUDED_ARCHS = x86_64;
				INFOPLIST_FILE = macOS/Info.plist;
				INFOPLIST_KEY_LSApplicationCategoryType = "public.app-category.developer-tools";
				LD_RUNPATH_SEARCH_PATHS = (
					"$(inherited)",
					"@executable_path/../Frameworks",
				);
				LIBRARY_SEARCH_PATHS = (
					"$(inherited)",
					"$(PROJECT_DIR)/Shared/Resources/sqlite-extensions",
				);
				MACOSX_DEPLOYMENT_TARGET = 26.0;
				PRODUCT_BUNDLE_IDENTIFIER = "crunchy-bananas.Peel";
				PRODUCT_NAME = Peel;
				PROVISIONING_PROFILE_SPECIFIER = "";
				SDKROOT = macosx;
				SWIFT_STRICT_CONCURRENCY = complete;
				SWIFT_VERSION = 6.0;
			};
			name = Release;
		};
		04A7BD9B258E77D8000E55A8 /* Debug */ = {
			isa = XCBuildConfiguration;
			buildSettings = {
				CODE_SIGN_STYLE = Automatic;
				INFOPLIST_FILE = "Tests iOS/Info.plist";
				IPHONEOS_DEPLOYMENT_TARGET = 14.3;
				LD_RUNPATH_SEARCH_PATHS = (
					"$(inherited)",
					"@executable_path/Frameworks",
					"@loader_path/Frameworks",
				);
				PRODUCT_BUNDLE_IDENTIFIER = "crunchy-bananas.Tests-iOS";
				PRODUCT_NAME = "$(TARGET_NAME)";
				SDKROOT = iphoneos;
				SWIFT_VERSION = 5.0;
				TARGETED_DEVICE_FAMILY = "1,2";
				TEST_TARGET_NAME = "KitchenSink (iOS)";
			};
			name = Debug;
		};
		04A7BD9C258E77D8000E55A8 /* Release */ = {
			isa = XCBuildConfiguration;
			buildSettings = {
				CODE_SIGN_STYLE = Automatic;
				INFOPLIST_FILE = "Tests iOS/Info.plist";
				IPHONEOS_DEPLOYMENT_TARGET = 14.3;
				LD_RUNPATH_SEARCH_PATHS = (
					"$(inherited)",
					"@executable_path/Frameworks",
					"@loader_path/Frameworks",
				);
				PRODUCT_BUNDLE_IDENTIFIER = "crunchy-bananas.Tests-iOS";
				PRODUCT_NAME = "$(TARGET_NAME)";
				SDKROOT = iphoneos;
				SWIFT_VERSION = 5.0;
				TARGETED_DEVICE_FAMILY = "1,2";
				TEST_TARGET_NAME = "KitchenSink (iOS)";
				VALIDATE_PRODUCT = YES;
			};
			name = Release;
		};
		04A7BD9E258E77D8000E55A8 /* Debug */ = {
			isa = XCBuildConfiguration;
			buildSettings = {
				BUNDLE_LOADER = "$(TEST_HOST)";
				CODE_SIGN_STYLE = Automatic;
				COMBINE_HIDPI_IMAGES = YES;
				DEAD_CODE_STRIPPING = YES;
				INFOPLIST_FILE = "Tests macOS/Info.plist";
				LD_RUNPATH_SEARCH_PATHS = (
					"$(inherited)",
					"@executable_path/../Frameworks",
					"@loader_path/../Frameworks",
				);
				MACOSX_DEPLOYMENT_TARGET = 26.0;
				OTHER_SWIFT_FLAGS = "$(inherited) -Xcc -fmodule-map-file=\"$(BUILD_DIR)/../Intermediates.noindex/GeneratedModuleMaps/cmark.modulemap\"";
				PRODUCT_BUNDLE_IDENTIFIER = "crunchy-bananas.Tests-macOS";
				PRODUCT_NAME = "$(TARGET_NAME)";
				SDKROOT = macosx;
				SWIFT_VERSION = 6.0;
				TEST_HOST = "$(BUILT_PRODUCTS_DIR)/Peel.app/Contents/MacOS/Peel";
				TEST_TARGET_NAME = "Peel (macOS)";
			};
			name = Debug;
		};
		04A7BD9F258E77D8000E55A8 /* Release */ = {
			isa = XCBuildConfiguration;
			buildSettings = {
				BUNDLE_LOADER = "$(TEST_HOST)";
				CODE_SIGN_STYLE = Automatic;
				COMBINE_HIDPI_IMAGES = YES;
				DEAD_CODE_STRIPPING = YES;
				INFOPLIST_FILE = "Tests macOS/Info.plist";
				LD_RUNPATH_SEARCH_PATHS = (
					"$(inherited)",
					"@executable_path/../Frameworks",
					"@loader_path/../Frameworks",
				);
				MACOSX_DEPLOYMENT_TARGET = 26.0;
				OTHER_SWIFT_FLAGS = "$(inherited) -Xcc -fmodule-map-file=\"$(BUILD_DIR)/../Intermediates.noindex/GeneratedModuleMaps/cmark.modulemap\"";
				PRODUCT_BUNDLE_IDENTIFIER = "crunchy-bananas.Tests-macOS";
				PRODUCT_NAME = "$(TARGET_NAME)";
				SDKROOT = macosx;
				SWIFT_VERSION = 6.0;
				TEST_HOST = "$(BUILT_PRODUCTS_DIR)/Peel.app/Contents/MacOS/Peel";
				TEST_TARGET_NAME = "Peel (macOS)";
			};
			name = Release;
		};
/* End XCBuildConfiguration section */

/* Begin XCConfigurationList section */
		04A7BD61258E77D7000E55A8 /* Build configuration list for PBXProject "Peel" */ = {
			isa = XCConfigurationList;
			buildConfigurations = (
				04A7BD92258E77D8000E55A8 /* Debug */,
				04A7BD93258E77D8000E55A8 /* Release */,
			);
			defaultConfigurationIsVisible = 0;
			defaultConfigurationName = Release;
		};
		04A7BD94258E77D8000E55A8 /* Build configuration list for PBXNativeTarget "Peel (iOS)" */ = {
			isa = XCConfigurationList;
			buildConfigurations = (
				04A7BD95258E77D8000E55A8 /* Debug */,
				04A7BD96258E77D8000E55A8 /* Release */,
			);
			defaultConfigurationIsVisible = 0;
			defaultConfigurationName = Release;
		};
		04A7BD97258E77D8000E55A8 /* Build configuration list for PBXNativeTarget "Peel (macOS)" */ = {
			isa = XCConfigurationList;
			buildConfigurations = (
				04A7BD98258E77D8000E55A8 /* Debug */,
				04A7BD99258E77D8000E55A8 /* Release */,
			);
			defaultConfigurationIsVisible = 0;
			defaultConfigurationName = Release;
		};
		04A7BD9A258E77D8000E55A8 /* Build configuration list for PBXNativeTarget "Tests iOS" */ = {
			isa = XCConfigurationList;
			buildConfigurations = (
				04A7BD9B258E77D8000E55A8 /* Debug */,
				04A7BD9C258E77D8000E55A8 /* Release */,
			);
			defaultConfigurationIsVisible = 0;
			defaultConfigurationName = Release;
		};
		04A7BD9D258E77D8000E55A8 /* Build configuration list for PBXNativeTarget "Tests macOS" */ = {
			isa = XCConfigurationList;
			buildConfigurations = (
				04A7BD9E258E77D8000E55A8 /* Debug */,
				04A7BD9F258E77D8000E55A8 /* Release */,
			);
			defaultConfigurationIsVisible = 0;
			defaultConfigurationName = Release;
		};
/* End XCConfigurationList section */

/* Begin XCLocalSwiftPackageReference section */
		04LOCPKG0003000000000001 /* XCLocalSwiftPackageReference "Local Packages/PeelUI" */ = {
			isa = XCLocalSwiftPackageReference;
			relativePath = "Local Packages/PeelUI";
		};
		04LOCPKG0004000000000001 /* XCLocalSwiftPackageReference "Local Packages/Git" */ = {
			isa = XCLocalSwiftPackageReference;
			relativePath = "Local Packages/Git";
		};
		04LOCPKG0005000000000001 /* XCLocalSwiftPackageReference "Local Packages/Github" */ = {
			isa = XCLocalSwiftPackageReference;
			relativePath = "Local Packages/Github";
		};
		04LOCPKG0006000000000001 /* XCLocalSwiftPackageReference "Local Packages/Brew" */ = {
			isa = XCLocalSwiftPackageReference;
			relativePath = "Local Packages/Brew";
		};
		04LOCPKG0007000000000001 /* XCLocalSwiftPackageReference "Local Packages/PIIScrubber" */ = {
			isa = XCLocalSwiftPackageReference;
			relativePath = "Local Packages/PIIScrubber";
		};
		04LOCPKG0009000000000001 /* XCLocalSwiftPackageReference "Local Packages/WebRTCTransfer" */ = {
			isa = XCLocalSwiftPackageReference;
			relativePath = "Local Packages/WebRTCTransfer";
		};
/* End XCLocalSwiftPackageReference section */

/* Begin XCRemoteSwiftPackageReference section */
		03BPETOK2F2A000100000003 /* XCRemoteSwiftPackageReference "swift-bpe-tokenizer" */ = {
			isa = XCRemoteSwiftPackageReference;
			repositoryURL = "https://github.com/crunchybananas/swift-bpe-tokenizer";
			requirement = {
				kind = upToNextMajorVersion;
				minimumVersion = 1.0.0;
			};
		};
		03MLXAUD2F70000100000003 /* XCRemoteSwiftPackageReference "mlx-audio-swift" */ = {
			isa = XCRemoteSwiftPackageReference;
			repositoryURL = "https://github.com/Blaizzy/mlx-audio-swift";
			requirement = {
				branch = main;
				kind = branch;
			};
		};
		03MLXEMB2F2B000100000003 /* XCRemoteSwiftPackageReference "mlx-swift-lm" */ = {
			isa = XCRemoteSwiftPackageReference;
			repositoryURL = "https://github.com/ml-explore/mlx-swift-lm";
			requirement = {
				kind = upToNextMajorVersion;
				minimumVersion = 2.30.0;
			};
		};
		046C6AAE2F1BE07D006CDAC7 /* XCRemoteSwiftPackageReference "TaskRunner" */ = {
			isa = XCRemoteSwiftPackageReference;
			repositoryURL = "https://github.com/crunchybananas/TaskRunner";
			requirement = {
				kind = upToNextMajorVersion;
				minimumVersion = 0.0.2;
			};
		};
		04A236462F2E34510055F436 /* XCRemoteSwiftPackageReference "firebase-ios-sdk" */ = {
			isa = XCRemoteSwiftPackageReference;
			repositoryURL = "https://github.com/firebase/firebase-ios-sdk.git";
			requirement = {
				kind = upToNextMajorVersion;
				minimumVersion = 12.8.0;
			};
		};
		04DD2F49269E6AED000994E1 /* XCRemoteSwiftPackageReference "OAuthSwift" */ = {
			isa = XCRemoteSwiftPackageReference;
			repositoryURL = "https://github.com/OAuthSwift/OAuthSwift.git";
			requirement = {
				kind = upToNextMajorVersion;
				minimumVersion = 2.2.0;
			};
		};
		04REMPKG0002000000000001 /* XCRemoteSwiftPackageReference "MCPCore" */ = {
			isa = XCRemoteSwiftPackageReference;
			repositoryURL = "https://github.com/crunchybananas/MCPCore.git";
			requirement = {
				kind = upToNextMajorVersion;
				minimumVersion = 1.0.0;
			};
		};
		04REMPKG0003000000000001 /* XCRemoteSwiftPackageReference "RAGCore" */ = {
			isa = XCRemoteSwiftPackageReference;
			repositoryURL = "https://github.com/crunchybananas/RAGCore.git";
			requirement = {
				branch = main;
				kind = branch;
			};
		};
/* End XCRemoteSwiftPackageReference section */

/* Begin XCSwiftPackageProductDependency section */
		03BPETOK2F2A000100000002 /* SwiftBPETokenizer */ = {
			isa = XCSwiftPackageProductDependency;
			package = 03BPETOK2F2A000100000003 /* XCRemoteSwiftPackageReference "swift-bpe-tokenizer" */;
			productName = SwiftBPETokenizer;
		};
		03MLXEMB2F2B000100000002 /* MLXEmbedders */ = {
			isa = XCSwiftPackageProductDependency;
			package = 03MLXEMB2F2B000100000003 /* XCRemoteSwiftPackageReference "mlx-swift-lm" */;
			productName = MLXEmbedders;
		};
		03MLXLLM2F30000100000002 /* MLXLLM */ = {
			isa = XCSwiftPackageProductDependency;
			package = 03MLXEMB2F2B000100000003 /* XCRemoteSwiftPackageReference "mlx-swift-lm" */;
			productName = MLXLLM;
		};
		03MLXLMC2F30000100000002 /* MLXLMCommon */ = {
			isa = XCSwiftPackageProductDependency;
			package = 03MLXEMB2F2B000100000003 /* XCRemoteSwiftPackageReference "mlx-swift-lm" */;
			productName = MLXLMCommon;
		};
		03MLXAUD2F70000100000002 /* MLXAudioCore */ = {
			isa = XCSwiftPackageProductDependency;
			package = 03MLXAUD2F70000100000003 /* XCRemoteSwiftPackageReference "mlx-audio-swift" */;
			productName = MLXAudioCore;
		};
		03MLXAUD2F70000200000002 /* MLXAudioTTS */ = {
			isa = XCSwiftPackageProductDependency;
			package = 03MLXAUD2F70000100000003 /* XCRemoteSwiftPackageReference "mlx-audio-swift" */;
			productName = MLXAudioTTS;
		};
		03MLXAUD2F70000300000002 /* MLXAudioSTT */ = {
			isa = XCSwiftPackageProductDependency;
			package = 03MLXAUD2F70000100000003 /* XCRemoteSwiftPackageReference "mlx-audio-swift" */;
			productName = MLXAudioSTT;
		};
		040AAB7D26CB385800DE1CBF /* Git */ = {
			isa = XCSwiftPackageProductDependency;
			package = 04LOCPKG0004000000000001 /* XCLocalSwiftPackageReference "Local Packages/Git" */;
			productName = Git;
		};
		04510A572A2D200C001DEF5B /* Github */ = {
			isa = XCSwiftPackageProductDependency;
			package = 04LOCPKG0005000000000001 /* XCLocalSwiftPackageReference "Local Packages/Github" */;
			productName = Github;
		};
		046C6AAF2F1BE07D006CDAC7 /* TaskRunner */ = {
			isa = XCSwiftPackageProductDependency;
			package = 046C6AAE2F1BE07D006CDAC7 /* XCRemoteSwiftPackageReference "TaskRunner" */;
			productName = TaskRunner;
		};
		046D40E326C56BBB003715AF /* OAuthSwift */ = {
			isa = XCSwiftPackageProductDependency;
			package = 04DD2F49269E6AED000994E1 /* XCRemoteSwiftPackageReference "OAuthSwift" */;
			productName = OAuthSwift;
		};
		046D40E626C56C5B003715AF /* Github */ = {
			isa = XCSwiftPackageProductDependency;
			package = 04LOCPKG0005000000000001 /* XCLocalSwiftPackageReference "Local Packages/Github" */;
			productName = Github;
		};
		048086652A2D21E500536A3E /* Brew */ = {
			isa = XCSwiftPackageProductDependency;
			package = 04LOCPKG0006000000000001 /* XCLocalSwiftPackageReference "Local Packages/Brew" */;
			productName = Brew;
		};
		04A236472F2E34510055F436 /* FirebaseAppCheck */ = {
			isa = XCSwiftPackageProductDependency;
			package = 04A236462F2E34510055F436 /* XCRemoteSwiftPackageReference "firebase-ios-sdk" */;
			productName = FirebaseAppCheck;
		};
		04A236492F2E34510055F436 /* FirebaseAuth */ = {
			isa = XCSwiftPackageProductDependency;
			package = 04A236462F2E34510055F436 /* XCRemoteSwiftPackageReference "firebase-ios-sdk" */;
			productName = FirebaseAuth;
		};
		04A2364B2F2E34510055F436 /* FirebaseFirestore */ = {
			isa = XCSwiftPackageProductDependency;
			package = 04A236462F2E34510055F436 /* XCRemoteSwiftPackageReference "firebase-ios-sdk" */;
			productName = FirebaseFirestore;
		};
		04A2364D2F2E34510055F436 /* FirebaseFunctions */ = {
			isa = XCSwiftPackageProductDependency;
			package = 04A236462F2E34510055F436 /* XCRemoteSwiftPackageReference "firebase-ios-sdk" */;
			productName = FirebaseFunctions;
		};
		04D09EFC26A85E8100072702 /* OAuthSwift */ = {
			isa = XCSwiftPackageProductDependency;
			package = 04DD2F49269E6AED000994E1 /* XCRemoteSwiftPackageReference "OAuthSwift" */;
			productName = OAuthSwift;
		};
		04MCPCOR2F2E000100000004 /* MCPCore */ = {
			isa = XCSwiftPackageProductDependency;
			package = 04REMPKG0002000000000001 /* XCRemoteSwiftPackageReference "MCPCore" */;
			productName = MCPCore;
		};
		04PIISCR2F2E000100000003 /* PIIScrubber */ = {
			isa = XCSwiftPackageProductDependency;
			package = 04LOCPKG0007000000000001 /* XCLocalSwiftPackageReference "Local Packages/PIIScrubber" */;
			productName = PIIScrubber;
		};
		04RAGCOR2F3C000100000003 /* RAGCore */ = {
			isa = XCSwiftPackageProductDependency;
			package = 04REMPKG0003000000000001 /* XCRemoteSwiftPackageReference "RAGCore" */;
			productName = RAGCore;
		};
		04WEBRTC2F60000100000002 /* WebRTCTransfer */ = {
			isa = XCSwiftPackageProductDependency;
			package = 04LOCPKG0009000000000001 /* XCLocalSwiftPackageReference "Local Packages/WebRTCTransfer" */;
			productName = WebRTCTransfer;
		};
/* End XCSwiftPackageProductDependency section */
	};
	rootObject = 04A7BD5E258E77D7000E55A8 /* Project object */;
}
