{
  "originHash" : "8cd6de4329ee14bcf8efbbd69c2af35ba0c8e4abc907720574c2e1b8039bbd2c",
  "pins" : [
    {
      "identity" : "mcpcore",
      "kind" : "remoteSourceControl",
      "location" : "https://github.com/crunchybananas/MCPCore.git",
      "state" : {
        "revision" : "5afc3f1b49b0067eb4e1657e601b3304a4484e26",
        "version" : "1.0.0"
      }
    }
  ],
  "version" : 3
}
